
Microsoft Visual Studio Solution File, Format Version 12.00
# Visual Studio 15
VisualStudioVersion = 15.0.26430.16
MinimumVisualStudioVersion = 10.0.40219.1
Project("{8BC9CEB8-8B4A-11D0-8D11-00A0C91BC942}") = "AEON", "AEON\AEON.vcxproj", "{D5B6DB61-9BC4-4867-B814-7586A54CB0AF}"
EndProject
Project("{8BC9CEB8-8B4A-11D0-8D11-00A0C91BC942}") = "AeonDB", "AeonDb\AeonDb.vcxproj", "{8F0F2DD9-120E-4D36-8495-890681465CC9}"
EndProject
Project("{8BC9CEB8-8B4A-11D0-8D11-00A0C91BC942}") = "AI1", "AI1\AI1.vcxproj", "{4A5CB1E6-92D0-4318-9125-8EA0B08D6744}"
EndProject
Project("{8BC9CEB8-8B4A-11D0-8D11-00A0C91BC942}") = "ArchonClient", "ArchonClient\ArchonClient.vcxproj", "{B3632607-A6A4-4889-ACA7-0241FCF9921C}"
EndProject
Project("{8BC9CEB8-8B4A-11D0-8D11-00A0C91BC942}") = "ArchonEngine", "ArchonEngine\ArchonEngine.vcxproj", "{27547194-9B57-4974-88B7-4E8E54B301FB}"
EndProject
Project("{8BC9CEB8-8B4A-11D0-8D11-00A0C91BC942}") = "Arcology", "Arcology\Arcology.vcxproj", "{EDA878E1-4C66-4939-BE99-05F86B1FA2CA}"
EndProject
Project("{8BC9CEB8-8B4A-11D0-8D11-00A0C91BC942}") = "Cryptosaur", "Cryptosaur\Cryptosaur.vcxproj", "{2A0D6AEC-A344-4597-8E35-C57058216712}"
EndProject
Project("{8BC9CEB8-8B4A-11D0-8D11-00A0C91BC942}") = "Foundation", "Foundation\Foundation.vcxproj", "{74057F42-7B59-48B9-8686-EF83D5C86BC1}"
EndProject
Project("{8BC9CEB8-8B4A-11D0-8D11-00A0C91BC942}") = "Hexe", "Hexe\Hexe.vcxproj", "{3DB942D0-788C-4320-B293-C155B0F32A2C}"
EndProject
Project("{8BC9CEB8-8B4A-11D0-8D11-00A0C91BC942}") = "HexeEngine", "HexeEngine\HexeEngine.vcxproj", "{21FEDD64-1B5C-47FA-9509-8DF9307FBBC7}"
EndProject
Project("{8BC9CEB8-8B4A-11D0-8D11-00A0C91BC942}") = "Hyperion", "Hyperion\Hyperion.vcxproj", "{178D2991-4F0B-42AF-8C65-D2ABA14725F4}"
EndProject
Project("{8BC9CEB8-8B4A-11D0-8D11-00A0C91BC942}") = "OpenSSL", "OpenSSL\OpenSSL.vcxproj", "{DBB0E39D-C26D-401C-ABBE-26F888AC1694}"
EndProject
Project("{8BC9CEB8-8B4A-11D0-8D11-00A0C91BC942}") = "Win32Service", "Win32Service\Win32Service.vcxproj", "{37B13273-59C5-4E3E-958D-C1EA661B9CC6}"
EndProject
Project("{8BC9CEB8-8B4A-11D0-8D11-00A0C91BC942}") = "zlibstat", "zlib-1.2.7\contrib\vstudio\vc10\zlibstat.vcxproj", "{745DEC58-EBB3-47A9-A9B8-4C6627C01BF8}"
EndProject
Project("{8BC9CEB8-8B4A-11D0-8D11-00A0C91BC942}") = "AI2", "Packages\AI2.vcxproj", "{D719F2DF-919F-4219-B020-5525E8552056}"
EndProject
Global
	GlobalSection(SolutionConfigurationPlatforms) = preSolution
		Debug|Itanium = Debug|Itanium
		Debug|x64 = Debug|x64
		Debug|x86 = Debug|x86
		DebugSecondary|Itanium = DebugSecondary|Itanium
		DebugSecondary|x64 = DebugSecondary|x64
		DebugSecondary|x86 = DebugSecondary|x86
		MinSizeRel|Itanium = MinSizeRel|Itanium
		MinSizeRel|x64 = MinSizeRel|x64
		MinSizeRel|x86 = MinSizeRel|x86
		Release|Itanium = Release|Itanium
		Release|x64 = Release|x64
		Release|x86 = Release|x86
		ReleaseWithoutAsm|Itanium = ReleaseWithoutAsm|Itanium
		ReleaseWithoutAsm|x64 = ReleaseWithoutAsm|x64
		ReleaseWithoutAsm|x86 = ReleaseWithoutAsm|x86
		RelWithDebInfo|Itanium = RelWithDebInfo|Itanium
		RelWithDebInfo|x64 = RelWithDebInfo|x64
		RelWithDebInfo|x86 = RelWithDebInfo|x86
	EndGlobalSection
	GlobalSection(ProjectConfigurationPlatforms) = postSolution
		{D5B6DB61-9BC4-4867-B814-7586A54CB0AF}.Debug|Itanium.ActiveCfg = Debug|Win32
		{D5B6DB61-9BC4-4867-B814-7586A54CB0AF}.Debug|x64.ActiveCfg = Debug|x64
		{D5B6DB61-9BC4-4867-B814-7586A54CB0AF}.Debug|x64.Build.0 = Debug|x64
		{D5B6DB61-9BC4-4867-B814-7586A54CB0AF}.Debug|x86.ActiveCfg = Debug|Win32
		{D5B6DB61-9BC4-4867-B814-7586A54CB0AF}.Debug|x86.Build.0 = Debug|Win32
		{D5B6DB61-9BC4-4867-B814-7586A54CB0AF}.DebugSecondary|Itanium.ActiveCfg = DebugSecondary|Win32
		{D5B6DB61-9BC4-4867-B814-7586A54CB0AF}.DebugSecondary|x64.ActiveCfg = DebugSecondary|x64
		{D5B6DB61-9BC4-4867-B814-7586A54CB0AF}.DebugSecondary|x64.Build.0 = DebugSecondary|x64
		{D5B6DB61-9BC4-4867-B814-7586A54CB0AF}.DebugSecondary|x86.ActiveCfg = DebugSecondary|Win32
		{D5B6DB61-9BC4-4867-B814-7586A54CB0AF}.DebugSecondary|x86.Build.0 = DebugSecondary|Win32
		{D5B6DB61-9BC4-4867-B814-7586A54CB0AF}.MinSizeRel|Itanium.ActiveCfg = Release|x64
		{D5B6DB61-9BC4-4867-B814-7586A54CB0AF}.MinSizeRel|Itanium.Build.0 = Release|x64
		{D5B6DB61-9BC4-4867-B814-7586A54CB0AF}.MinSizeRel|x64.ActiveCfg = Release|x64
		{D5B6DB61-9BC4-4867-B814-7586A54CB0AF}.MinSizeRel|x64.Build.0 = Release|x64
		{D5B6DB61-9BC4-4867-B814-7586A54CB0AF}.MinSizeRel|x86.ActiveCfg = Release|Win32
		{D5B6DB61-9BC4-4867-B814-7586A54CB0AF}.MinSizeRel|x86.Build.0 = Release|Win32
		{D5B6DB61-9BC4-4867-B814-7586A54CB0AF}.Release|Itanium.ActiveCfg = Release|Win32
		{D5B6DB61-9BC4-4867-B814-7586A54CB0AF}.Release|x64.ActiveCfg = Release|x64
		{D5B6DB61-9BC4-4867-B814-7586A54CB0AF}.Release|x64.Build.0 = Release|x64
		{D5B6DB61-9BC4-4867-B814-7586A54CB0AF}.Release|x86.ActiveCfg = Release|Win32
		{D5B6DB61-9BC4-4867-B814-7586A54CB0AF}.Release|x86.Build.0 = Release|Win32
		{D5B6DB61-9BC4-4867-B814-7586A54CB0AF}.ReleaseWithoutAsm|Itanium.ActiveCfg = Release|x64
		{D5B6DB61-9BC4-4867-B814-7586A54CB0AF}.ReleaseWithoutAsm|Itanium.Build.0 = Release|x64
		{D5B6DB61-9BC4-4867-B814-7586A54CB0AF}.ReleaseWithoutAsm|x64.ActiveCfg = Release|x64
		{D5B6DB61-9BC4-4867-B814-7586A54CB0AF}.ReleaseWithoutAsm|x64.Build.0 = Release|x64
		{D5B6DB61-9BC4-4867-B814-7586A54CB0AF}.ReleaseWithoutAsm|x86.ActiveCfg = Release|Win32
		{D5B6DB61-9BC4-4867-B814-7586A54CB0AF}.ReleaseWithoutAsm|x86.Build.0 = Release|Win32
		{D5B6DB61-9BC4-4867-B814-7586A54CB0AF}.RelWithDebInfo|Itanium.ActiveCfg = Release|x64
		{D5B6DB61-9BC4-4867-B814-7586A54CB0AF}.RelWithDebInfo|Itanium.Build.0 = Release|x64
		{D5B6DB61-9BC4-4867-B814-7586A54CB0AF}.RelWithDebInfo|x64.ActiveCfg = Release|x64
		{D5B6DB61-9BC4-4867-B814-7586A54CB0AF}.RelWithDebInfo|x64.Build.0 = Release|x64
		{D5B6DB61-9BC4-4867-B814-7586A54CB0AF}.RelWithDebInfo|x86.ActiveCfg = Release|Win32
		{D5B6DB61-9BC4-4867-B814-7586A54CB0AF}.RelWithDebInfo|x86.Build.0 = Release|Win32
		{8F0F2DD9-120E-4D36-8495-890681465CC9}.Debug|Itanium.ActiveCfg = Debug|Win32
		{8F0F2DD9-120E-4D36-8495-890681465CC9}.Debug|x64.ActiveCfg = Debug|x64
		{8F0F2DD9-120E-4D36-8495-890681465CC9}.Debug|x64.Build.0 = Debug|x64
		{8F0F2DD9-120E-4D36-8495-890681465CC9}.Debug|x86.ActiveCfg = Debug|Win32
		{8F0F2DD9-120E-4D36-8495-890681465CC9}.Debug|x86.Build.0 = Debug|Win32
		{8F0F2DD9-120E-4D36-8495-890681465CC9}.DebugSecondary|Itanium.ActiveCfg = DebugSecondary|Win32
		{8F0F2DD9-120E-4D36-8495-890681465CC9}.DebugSecondary|x64.ActiveCfg = DebugSecondary|x64
		{8F0F2DD9-120E-4D36-8495-890681465CC9}.DebugSecondary|x64.Build.0 = DebugSecondary|x64
		{8F0F2DD9-120E-4D36-8495-890681465CC9}.DebugSecondary|x86.ActiveCfg = DebugSecondary|Win32
		{8F0F2DD9-120E-4D36-8495-890681465CC9}.DebugSecondary|x86.Build.0 = DebugSecondary|Win32
		{8F0F2DD9-120E-4D36-8495-890681465CC9}.MinSizeRel|Itanium.ActiveCfg = Release|x64
		{8F0F2DD9-120E-4D36-8495-890681465CC9}.MinSizeRel|Itanium.Build.0 = Release|x64
		{8F0F2DD9-120E-4D36-8495-890681465CC9}.MinSizeRel|x64.ActiveCfg = Release|x64
		{8F0F2DD9-120E-4D36-8495-890681465CC9}.MinSizeRel|x64.Build.0 = Release|x64
		{8F0F2DD9-120E-4D36-8495-890681465CC9}.MinSizeRel|x86.ActiveCfg = Release|Win32
		{8F0F2DD9-120E-4D36-8495-890681465CC9}.MinSizeRel|x86.Build.0 = Release|Win32
		{8F0F2DD9-120E-4D36-8495-890681465CC9}.Release|Itanium.ActiveCfg = Release|Win32
		{8F0F2DD9-120E-4D36-8495-890681465CC9}.Release|x64.ActiveCfg = Release|x64
		{8F0F2DD9-120E-4D36-8495-890681465CC9}.Release|x64.Build.0 = Release|x64
		{8F0F2DD9-120E-4D36-8495-890681465CC9}.Release|x86.ActiveCfg = Release|Win32
		{8F0F2DD9-120E-4D36-8495-890681465CC9}.Release|x86.Build.0 = Release|Win32
		{8F0F2DD9-120E-4D36-8495-890681465CC9}.ReleaseWithoutAsm|Itanium.ActiveCfg = Release|x64
		{8F0F2DD9-120E-4D36-8495-890681465CC9}.ReleaseWithoutAsm|Itanium.Build.0 = Release|x64
		{8F0F2DD9-120E-4D36-8495-890681465CC9}.ReleaseWithoutAsm|x64.ActiveCfg = Release|x64
		{8F0F2DD9-120E-4D36-8495-890681465CC9}.ReleaseWithoutAsm|x64.Build.0 = Release|x64
		{8F0F2DD9-120E-4D36-8495-890681465CC9}.ReleaseWithoutAsm|x86.ActiveCfg = Release|Win32
		{8F0F2DD9-120E-4D36-8495-890681465CC9}.ReleaseWithoutAsm|x86.Build.0 = Release|Win32
		{8F0F2DD9-120E-4D36-8495-890681465CC9}.RelWithDebInfo|Itanium.ActiveCfg = Release|x64
		{8F0F2DD9-120E-4D36-8495-890681465CC9}.RelWithDebInfo|Itanium.Build.0 = Release|x64
		{8F0F2DD9-120E-4D36-8495-890681465CC9}.RelWithDebInfo|x64.ActiveCfg = Release|x64
		{8F0F2DD9-120E-4D36-8495-890681465CC9}.RelWithDebInfo|x64.Build.0 = Release|x64
		{8F0F2DD9-120E-4D36-8495-890681465CC9}.RelWithDebInfo|x86.ActiveCfg = Release|Win32
		{8F0F2DD9-120E-4D36-8495-890681465CC9}.RelWithDebInfo|x86.Build.0 = Release|Win32
		{4A5CB1E6-92D0-4318-9125-8EA0B08D6744}.Debug|Itanium.ActiveCfg = Debug|Win32
		{4A5CB1E6-92D0-4318-9125-8EA0B08D6744}.Debug|x64.ActiveCfg = Debug|x64
		{4A5CB1E6-92D0-4318-9125-8EA0B08D6744}.Debug|x64.Build.0 = Debug|x64
		{4A5CB1E6-92D0-4318-9125-8EA0B08D6744}.Debug|x86.ActiveCfg = Debug|Win32
		{4A5CB1E6-92D0-4318-9125-8EA0B08D6744}.Debug|x86.Build.0 = Debug|Win32
		{4A5CB1E6-92D0-4318-9125-8EA0B08D6744}.DebugSecondary|Itanium.ActiveCfg = DebugSecondary|Win32
		{4A5CB1E6-92D0-4318-9125-8EA0B08D6744}.DebugSecondary|x64.ActiveCfg = DebugSecondary|x64
		{4A5CB1E6-92D0-4318-9125-8EA0B08D6744}.DebugSecondary|x64.Build.0 = DebugSecondary|x64
		{4A5CB1E6-92D0-4318-9125-8EA0B08D6744}.DebugSecondary|x86.ActiveCfg = DebugSecondary|Win32
		{4A5CB1E6-92D0-4318-9125-8EA0B08D6744}.DebugSecondary|x86.Build.0 = DebugSecondary|Win32
		{4A5CB1E6-92D0-4318-9125-8EA0B08D6744}.MinSizeRel|Itanium.ActiveCfg = Release|x64
		{4A5CB1E6-92D0-4318-9125-8EA0B08D6744}.MinSizeRel|Itanium.Build.0 = Release|x64
		{4A5CB1E6-92D0-4318-9125-8EA0B08D6744}.MinSizeRel|x64.ActiveCfg = Release|x64
		{4A5CB1E6-92D0-4318-9125-8EA0B08D6744}.MinSizeRel|x64.Build.0 = Release|x64
		{4A5CB1E6-92D0-4318-9125-8EA0B08D6744}.MinSizeRel|x86.ActiveCfg = Release|Win32
		{4A5CB1E6-92D0-4318-9125-8EA0B08D6744}.MinSizeRel|x86.Build.0 = Release|Win32
		{4A5CB1E6-92D0-4318-9125-8EA0B08D6744}.Release|Itanium.ActiveCfg = Release|Win32
		{4A5CB1E6-92D0-4318-9125-8EA0B08D6744}.Release|x64.ActiveCfg = Release|x64
		{4A5CB1E6-92D0-4318-9125-8EA0B08D6744}.Release|x64.Build.0 = Release|x64
		{4A5CB1E6-92D0-4318-9125-8EA0B08D6744}.Release|x86.ActiveCfg = Release|Win32
		{4A5CB1E6-92D0-4318-9125-8EA0B08D6744}.Release|x86.Build.0 = Release|Win32
		{4A5CB1E6-92D0-4318-9125-8EA0B08D6744}.ReleaseWithoutAsm|Itanium.ActiveCfg = Release|x64
		{4A5CB1E6-92D0-4318-9125-8EA0B08D6744}.ReleaseWithoutAsm|Itanium.Build.0 = Release|x64
		{4A5CB1E6-92D0-4318-9125-8EA0B08D6744}.ReleaseWithoutAsm|x64.ActiveCfg = Release|x64
		{4A5CB1E6-92D0-4318-9125-8EA0B08D6744}.ReleaseWithoutAsm|x64.Build.0 = Release|x64
		{4A5CB1E6-92D0-4318-9125-8EA0B08D6744}.ReleaseWithoutAsm|x86.ActiveCfg = Release|Win32
		{4A5CB1E6-92D0-4318-9125-8EA0B08D6744}.ReleaseWithoutAsm|x86.Build.0 = Release|Win32
		{4A5CB1E6-92D0-4318-9125-8EA0B08D6744}.RelWithDebInfo|Itanium.ActiveCfg = Release|x64
		{4A5CB1E6-92D0-4318-9125-8EA0B08D6744}.RelWithDebInfo|Itanium.Build.0 = Release|x64
		{4A5CB1E6-92D0-4318-9125-8EA0B08D6744}.RelWithDebInfo|x64.ActiveCfg = Release|x64
		{4A5CB1E6-92D0-4318-9125-8EA0B08D6744}.RelWithDebInfo|x64.Build.0 = Release|x64
		{4A5CB1E6-92D0-4318-9125-8EA0B08D6744}.RelWithDebInfo|x86.ActiveCfg = Release|Win32
		{4A5CB1E6-92D0-4318-9125-8EA0B08D6744}.RelWithDebInfo|x86.Build.0 = Release|Win32
		{B3632607-A6A4-4889-ACA7-0241FCF9921C}.Debug|Itanium.ActiveCfg = Debug|Win32
		{B3632607-A6A4-4889-ACA7-0241FCF9921C}.Debug|x64.ActiveCfg = Debug|x64
		{B3632607-A6A4-4889-ACA7-0241FCF9921C}.Debug|x64.Build.0 = Debug|x64
		{B3632607-A6A4-4889-ACA7-0241FCF9921C}.Debug|x86.ActiveCfg = Debug|Win32
		{B3632607-A6A4-4889-ACA7-0241FCF9921C}.Debug|x86.Build.0 = Debug|Win32
		{B3632607-A6A4-4889-ACA7-0241FCF9921C}.DebugSecondary|Itanium.ActiveCfg = DebugSecondary|Win32
		{B3632607-A6A4-4889-ACA7-0241FCF9921C}.DebugSecondary|x64.ActiveCfg = DebugSecondary|x64
		{B3632607-A6A4-4889-ACA7-0241FCF9921C}.DebugSecondary|x64.Build.0 = DebugSecondary|x64
		{B3632607-A6A4-4889-ACA7-0241FCF9921C}.DebugSecondary|x86.ActiveCfg = DebugSecondary|Win32
		{B3632607-A6A4-4889-ACA7-0241FCF9921C}.DebugSecondary|x86.Build.0 = DebugSecondary|Win32
		{B3632607-A6A4-4889-ACA7-0241FCF9921C}.MinSizeRel|Itanium.ActiveCfg = Release|x64
		{B3632607-A6A4-4889-ACA7-0241FCF9921C}.MinSizeRel|Itanium.Build.0 = Release|x64
		{B3632607-A6A4-4889-ACA7-0241FCF9921C}.MinSizeRel|x64.ActiveCfg = Release|x64
		{B3632607-A6A4-4889-ACA7-0241FCF9921C}.MinSizeRel|x64.Build.0 = Release|x64
		{B3632607-A6A4-4889-ACA7-0241FCF9921C}.MinSizeRel|x86.ActiveCfg = Release|Win32
		{B3632607-A6A4-4889-ACA7-0241FCF9921C}.MinSizeRel|x86.Build.0 = Release|Win32
		{B3632607-A6A4-4889-ACA7-0241FCF9921C}.Release|Itanium.ActiveCfg = Release|Win32
		{B3632607-A6A4-4889-ACA7-0241FCF9921C}.Release|x64.ActiveCfg = Release|x64
		{B3632607-A6A4-4889-ACA7-0241FCF9921C}.Release|x64.Build.0 = Release|x64
		{B3632607-A6A4-4889-ACA7-0241FCF9921C}.Release|x86.ActiveCfg = Release|Win32
		{B3632607-A6A4-4889-ACA7-0241FCF9921C}.Release|x86.Build.0 = Release|Win32
		{B3632607-A6A4-4889-ACA7-0241FCF9921C}.ReleaseWithoutAsm|Itanium.ActiveCfg = Release|x64
		{B3632607-A6A4-4889-ACA7-0241FCF9921C}.ReleaseWithoutAsm|Itanium.Build.0 = Release|x64
		{B3632607-A6A4-4889-ACA7-0241FCF9921C}.ReleaseWithoutAsm|x64.ActiveCfg = Release|x64
		{B3632607-A6A4-4889-ACA7-0241FCF9921C}.ReleaseWithoutAsm|x64.Build.0 = Release|x64
		{B3632607-A6A4-4889-ACA7-0241FCF9921C}.ReleaseWithoutAsm|x86.ActiveCfg = Release|Win32
		{B3632607-A6A4-4889-ACA7-0241FCF9921C}.ReleaseWithoutAsm|x86.Build.0 = Release|Win32
		{B3632607-A6A4-4889-ACA7-0241FCF9921C}.RelWithDebInfo|Itanium.ActiveCfg = Release|x64
		{B3632607-A6A4-4889-ACA7-0241FCF9921C}.RelWithDebInfo|Itanium.Build.0 = Release|x64
		{B3632607-A6A4-4889-ACA7-0241FCF9921C}.RelWithDebInfo|x64.ActiveCfg = Release|x64
		{B3632607-A6A4-4889-ACA7-0241FCF9921C}.RelWithDebInfo|x64.Build.0 = Release|x64
		{B3632607-A6A4-4889-ACA7-0241FCF9921C}.RelWithDebInfo|x86.ActiveCfg = Release|Win32
		{B3632607-A6A4-4889-ACA7-0241FCF9921C}.RelWithDebInfo|x86.Build.0 = Release|Win32
		{27547194-9B57-4974-88B7-4E8E54B301FB}.Debug|Itanium.ActiveCfg = Debug|Win32
		{27547194-9B57-4974-88B7-4E8E54B301FB}.Debug|x64.ActiveCfg = Debug|x64
		{27547194-9B57-4974-88B7-4E8E54B301FB}.Debug|x64.Build.0 = Debug|x64
		{27547194-9B57-4974-88B7-4E8E54B301FB}.Debug|x86.ActiveCfg = Debug|Win32
		{27547194-9B57-4974-88B7-4E8E54B301FB}.Debug|x86.Build.0 = Debug|Win32
		{27547194-9B57-4974-88B7-4E8E54B301FB}.DebugSecondary|Itanium.ActiveCfg = DebugSecondary|Win32
		{27547194-9B57-4974-88B7-4E8E54B301FB}.DebugSecondary|x64.ActiveCfg = DebugSecondary|x64
		{27547194-9B57-4974-88B7-4E8E54B301FB}.DebugSecondary|x64.Build.0 = DebugSecondary|x64
		{27547194-9B57-4974-88B7-4E8E54B301FB}.DebugSecondary|x86.ActiveCfg = DebugSecondary|Win32
		{27547194-9B57-4974-88B7-4E8E54B301FB}.DebugSecondary|x86.Build.0 = DebugSecondary|Win32
		{27547194-9B57-4974-88B7-4E8E54B301FB}.MinSizeRel|Itanium.ActiveCfg = Release|x64
		{27547194-9B57-4974-88B7-4E8E54B301FB}.MinSizeRel|Itanium.Build.0 = Release|x64
		{27547194-9B57-4974-88B7-4E8E54B301FB}.MinSizeRel|x64.ActiveCfg = Release|x64
		{27547194-9B57-4974-88B7-4E8E54B301FB}.MinSizeRel|x64.Build.0 = Release|x64
		{27547194-9B57-4974-88B7-4E8E54B301FB}.MinSizeRel|x86.ActiveCfg = Release|Win32
		{27547194-9B57-4974-88B7-4E8E54B301FB}.MinSizeRel|x86.Build.0 = Release|Win32
		{27547194-9B57-4974-88B7-4E8E54B301FB}.Release|Itanium.ActiveCfg = Release|Win32
		{27547194-9B57-4974-88B7-4E8E54B301FB}.Release|x64.ActiveCfg = Release|x64
		{27547194-9B57-4974-88B7-4E8E54B301FB}.Release|x64.Build.0 = Release|x64
		{27547194-9B57-4974-88B7-4E8E54B301FB}.Release|x86.ActiveCfg = Release|Win32
		{27547194-9B57-4974-88B7-4E8E54B301FB}.Release|x86.Build.0 = Release|Win32
		{27547194-9B57-4974-88B7-4E8E54B301FB}.ReleaseWithoutAsm|Itanium.ActiveCfg = Release|x64
		{27547194-9B57-4974-88B7-4E8E54B301FB}.ReleaseWithoutAsm|Itanium.Build.0 = Release|x64
		{27547194-9B57-4974-88B7-4E8E54B301FB}.ReleaseWithoutAsm|x64.ActiveCfg = Release|x64
		{27547194-9B57-4974-88B7-4E8E54B301FB}.ReleaseWithoutAsm|x64.Build.0 = Release|x64
		{27547194-9B57-4974-88B7-4E8E54B301FB}.ReleaseWithoutAsm|x86.ActiveCfg = Release|Win32
		{27547194-9B57-4974-88B7-4E8E54B301FB}.ReleaseWithoutAsm|x86.Build.0 = Release|Win32
		{27547194-9B57-4974-88B7-4E8E54B301FB}.RelWithDebInfo|Itanium.ActiveCfg = Release|x64
		{27547194-9B57-4974-88B7-4E8E54B301FB}.RelWithDebInfo|Itanium.Build.0 = Release|x64
		{27547194-9B57-4974-88B7-4E8E54B301FB}.RelWithDebInfo|x64.ActiveCfg = Release|x64
		{27547194-9B57-4974-88B7-4E8E54B301FB}.RelWithDebInfo|x64.Build.0 = Release|x64
		{27547194-9B57-4974-88B7-4E8E54B301FB}.RelWithDebInfo|x86.ActiveCfg = Release|Win32
		{27547194-9B57-4974-88B7-4E8E54B301FB}.RelWithDebInfo|x86.Build.0 = Release|Win32
		{EDA878E1-4C66-4939-BE99-05F86B1FA2CA}.Debug|Itanium.ActiveCfg = Debug|Win32
		{EDA878E1-4C66-4939-BE99-05F86B1FA2CA}.Debug|x64.ActiveCfg = Debug|x64
		{EDA878E1-4C66-4939-BE99-05F86B1FA2CA}.Debug|x64.Build.0 = Debug|x64
		{EDA878E1-4C66-4939-BE99-05F86B1FA2CA}.Debug|x86.ActiveCfg = Debug|Win32
		{EDA878E1-4C66-4939-BE99-05F86B1FA2CA}.Debug|x86.Build.0 = Debug|Win32
		{EDA878E1-4C66-4939-BE99-05F86B1FA2CA}.DebugSecondary|Itanium.ActiveCfg = DebugSecondary|Win32
		{EDA878E1-4C66-4939-BE99-05F86B1FA2CA}.DebugSecondary|x64.ActiveCfg = DebugSecondary|x64
		{EDA878E1-4C66-4939-BE99-05F86B1FA2CA}.DebugSecondary|x64.Build.0 = DebugSecondary|x64
		{EDA878E1-4C66-4939-BE99-05F86B1FA2CA}.DebugSecondary|x86.ActiveCfg = DebugSecondary|Win32
		{EDA878E1-4C66-4939-BE99-05F86B1FA2CA}.DebugSecondary|x86.Build.0 = DebugSecondary|Win32
		{EDA878E1-4C66-4939-BE99-05F86B1FA2CA}.MinSizeRel|Itanium.ActiveCfg = Release|x64
		{EDA878E1-4C66-4939-BE99-05F86B1FA2CA}.MinSizeRel|Itanium.Build.0 = Release|x64
		{EDA878E1-4C66-4939-BE99-05F86B1FA2CA}.MinSizeRel|x64.ActiveCfg = Release|x64
		{EDA878E1-4C66-4939-BE99-05F86B1FA2CA}.MinSizeRel|x64.Build.0 = Release|x64
		{EDA878E1-4C66-4939-BE99-05F86B1FA2CA}.MinSizeRel|x86.ActiveCfg = Release|Win32
		{EDA878E1-4C66-4939-BE99-05F86B1FA2CA}.MinSizeRel|x86.Build.0 = Release|Win32
		{EDA878E1-4C66-4939-BE99-05F86B1FA2CA}.Release|Itanium.ActiveCfg = Release|Win32
		{EDA878E1-4C66-4939-BE99-05F86B1FA2CA}.Release|x64.ActiveCfg = Release|x64
		{EDA878E1-4C66-4939-BE99-05F86B1FA2CA}.Release|x64.Build.0 = Release|x64
		{EDA878E1-4C66-4939-BE99-05F86B1FA2CA}.Release|x86.ActiveCfg = Release|Win32
		{EDA878E1-4C66-4939-BE99-05F86B1FA2CA}.Release|x86.Build.0 = Release|Win32
		{EDA878E1-4C66-4939-BE99-05F86B1FA2CA}.ReleaseWithoutAsm|Itanium.ActiveCfg = Release|x64
		{EDA878E1-4C66-4939-BE99-05F86B1FA2CA}.ReleaseWithoutAsm|Itanium.Build.0 = Release|x64
		{EDA878E1-4C66-4939-BE99-05F86B1FA2CA}.ReleaseWithoutAsm|x64.ActiveCfg = Release|x64
		{EDA878E1-4C66-4939-BE99-05F86B1FA2CA}.ReleaseWithoutAsm|x64.Build.0 = Release|x64
		{EDA878E1-4C66-4939-BE99-05F86B1FA2CA}.ReleaseWithoutAsm|x86.ActiveCfg = Release|Win32
		{EDA878E1-4C66-4939-BE99-05F86B1FA2CA}.ReleaseWithoutAsm|x86.Build.0 = Release|Win32
		{EDA878E1-4C66-4939-BE99-05F86B1FA2CA}.RelWithDebInfo|Itanium.ActiveCfg = Release|x64
		{EDA878E1-4C66-4939-BE99-05F86B1FA2CA}.RelWithDebInfo|Itanium.Build.0 = Release|x64
		{EDA878E1-4C66-4939-BE99-05F86B1FA2CA}.RelWithDebInfo|x64.ActiveCfg = Release|x64
		{EDA878E1-4C66-4939-BE99-05F86B1FA2CA}.RelWithDebInfo|x64.Build.0 = Release|x64
		{EDA878E1-4C66-4939-BE99-05F86B1FA2CA}.RelWithDebInfo|x86.ActiveCfg = Release|Win32
		{EDA878E1-4C66-4939-BE99-05F86B1FA2CA}.RelWithDebInfo|x86.Build.0 = Release|Win32
		{2A0D6AEC-A344-4597-8E35-C57058216712}.Debug|Itanium.ActiveCfg = Debug|Win32
		{2A0D6AEC-A344-4597-8E35-C57058216712}.Debug|x64.ActiveCfg = Debug|x64
		{2A0D6AEC-A344-4597-8E35-C57058216712}.Debug|x64.Build.0 = Debug|x64
		{2A0D6AEC-A344-4597-8E35-C57058216712}.Debug|x86.ActiveCfg = Debug|Win32
		{2A0D6AEC-A344-4597-8E35-C57058216712}.Debug|x86.Build.0 = Debug|Win32
		{2A0D6AEC-A344-4597-8E35-C57058216712}.DebugSecondary|Itanium.ActiveCfg = DebugSecondary|Win32
		{2A0D6AEC-A344-4597-8E35-C57058216712}.DebugSecondary|x64.ActiveCfg = DebugSecondary|x64
		{2A0D6AEC-A344-4597-8E35-C57058216712}.DebugSecondary|x64.Build.0 = DebugSecondary|x64
		{2A0D6AEC-A344-4597-8E35-C57058216712}.DebugSecondary|x86.ActiveCfg = DebugSecondary|Win32
		{2A0D6AEC-A344-4597-8E35-C57058216712}.DebugSecondary|x86.Build.0 = DebugSecondary|Win32
		{2A0D6AEC-A344-4597-8E35-C57058216712}.MinSizeRel|Itanium.ActiveCfg = Release|x64
		{2A0D6AEC-A344-4597-8E35-C57058216712}.MinSizeRel|Itanium.Build.0 = Release|x64
		{2A0D6AEC-A344-4597-8E35-C57058216712}.MinSizeRel|x64.ActiveCfg = Release|x64
		{2A0D6AEC-A344-4597-8E35-C57058216712}.MinSizeRel|x64.Build.0 = Release|x64
		{2A0D6AEC-A344-4597-8E35-C57058216712}.MinSizeRel|x86.ActiveCfg = Release|Win32
		{2A0D6AEC-A344-4597-8E35-C57058216712}.MinSizeRel|x86.Build.0 = Release|Win32
		{2A0D6AEC-A344-4597-8E35-C57058216712}.Release|Itanium.ActiveCfg = Release|Win32
		{2A0D6AEC-A344-4597-8E35-C57058216712}.Release|x64.ActiveCfg = Release|x64
		{2A0D6AEC-A344-4597-8E35-C57058216712}.Release|x64.Build.0 = Release|x64
		{2A0D6AEC-A344-4597-8E35-C57058216712}.Release|x86.ActiveCfg = Release|Win32
		{2A0D6AEC-A344-4597-8E35-C57058216712}.Release|x86.Build.0 = Release|Win32
		{2A0D6AEC-A344-4597-8E35-C57058216712}.ReleaseWithoutAsm|Itanium.ActiveCfg = Release|x64
		{2A0D6AEC-A344-4597-8E35-C57058216712}.ReleaseWithoutAsm|Itanium.Build.0 = Release|x64
		{2A0D6AEC-A344-4597-8E35-C57058216712}.ReleaseWithoutAsm|x64.ActiveCfg = Release|x64
		{2A0D6AEC-A344-4597-8E35-C57058216712}.ReleaseWithoutAsm|x64.Build.0 = Release|x64
		{2A0D6AEC-A344-4597-8E35-C57058216712}.ReleaseWithoutAsm|x86.ActiveCfg = Release|Win32
		{2A0D6AEC-A344-4597-8E35-C57058216712}.ReleaseWithoutAsm|x86.Build.0 = Release|Win32
		{2A0D6AEC-A344-4597-8E35-C57058216712}.RelWithDebInfo|Itanium.ActiveCfg = Release|x64
		{2A0D6AEC-A344-4597-8E35-C57058216712}.RelWithDebInfo|Itanium.Build.0 = Release|x64
		{2A0D6AEC-A344-4597-8E35-C57058216712}.RelWithDebInfo|x64.ActiveCfg = Release|x64
		{2A0D6AEC-A344-4597-8E35-C57058216712}.RelWithDebInfo|x64.Build.0 = Release|x64
		{2A0D6AEC-A344-4597-8E35-C57058216712}.RelWithDebInfo|x86.ActiveCfg = Release|Win32
		{2A0D6AEC-A344-4597-8E35-C57058216712}.RelWithDebInfo|x86.Build.0 = Release|Win32
		{74057F42-7B59-48B9-8686-EF83D5C86BC1}.Debug|Itanium.ActiveCfg = Debug|Win32
		{74057F42-7B59-48B9-8686-EF83D5C86BC1}.Debug|x64.ActiveCfg = Debug|x64
		{74057F42-7B59-48B9-8686-EF83D5C86BC1}.Debug|x64.Build.0 = Debug|x64
		{74057F42-7B59-48B9-8686-EF83D5C86BC1}.Debug|x86.ActiveCfg = Debug|Win32
		{74057F42-7B59-48B9-8686-EF83D5C86BC1}.Debug|x86.Build.0 = Debug|Win32
		{74057F42-7B59-48B9-8686-EF83D5C86BC1}.DebugSecondary|Itanium.ActiveCfg = DebugSecondary|Win32
		{74057F42-7B59-48B9-8686-EF83D5C86BC1}.DebugSecondary|x64.ActiveCfg = DebugSecondary|x64
		{74057F42-7B59-48B9-8686-EF83D5C86BC1}.DebugSecondary|x64.Build.0 = DebugSecondary|x64
		{74057F42-7B59-48B9-8686-EF83D5C86BC1}.DebugSecondary|x86.ActiveCfg = DebugSecondary|Win32
		{74057F42-7B59-48B9-8686-EF83D5C86BC1}.DebugSecondary|x86.Build.0 = DebugSecondary|Win32
		{74057F42-7B59-48B9-8686-EF83D5C86BC1}.MinSizeRel|Itanium.ActiveCfg = Release|x64
		{74057F42-7B59-48B9-8686-EF83D5C86BC1}.MinSizeRel|Itanium.Build.0 = Release|x64
		{74057F42-7B59-48B9-8686-EF83D5C86BC1}.MinSizeRel|x64.ActiveCfg = Release|x64
		{74057F42-7B59-48B9-8686-EF83D5C86BC1}.MinSizeRel|x64.Build.0 = Release|x64
		{74057F42-7B59-48B9-8686-EF83D5C86BC1}.MinSizeRel|x86.ActiveCfg = Release|Win32
		{74057F42-7B59-48B9-8686-EF83D5C86BC1}.MinSizeRel|x86.Build.0 = Release|Win32
		{74057F42-7B59-48B9-8686-EF83D5C86BC1}.Release|Itanium.ActiveCfg = Release|Win32
		{74057F42-7B59-48B9-8686-EF83D5C86BC1}.Release|x64.ActiveCfg = Release|x64
		{74057F42-7B59-48B9-8686-EF83D5C86BC1}.Release|x64.Build.0 = Release|x64
		{74057F42-7B59-48B9-8686-EF83D5C86BC1}.Release|x86.ActiveCfg = Release|Win32
		{74057F42-7B59-48B9-8686-EF83D5C86BC1}.Release|x86.Build.0 = Release|Win32
		{74057F42-7B59-48B9-8686-EF83D5C86BC1}.ReleaseWithoutAsm|Itanium.ActiveCfg = Release|x64
		{74057F42-7B59-48B9-8686-EF83D5C86BC1}.ReleaseWithoutAsm|Itanium.Build.0 = Release|x64
		{74057F42-7B59-48B9-8686-EF83D5C86BC1}.ReleaseWithoutAsm|x64.ActiveCfg = Release|x64
		{74057F42-7B59-48B9-8686-EF83D5C86BC1}.ReleaseWithoutAsm|x64.Build.0 = Release|x64
		{74057F42-7B59-48B9-8686-EF83D5C86BC1}.ReleaseWithoutAsm|x86.ActiveCfg = Release|Win32
		{74057F42-7B59-48B9-8686-EF83D5C86BC1}.ReleaseWithoutAsm|x86.Build.0 = Release|Win32
		{74057F42-7B59-48B9-8686-EF83D5C86BC1}.RelWithDebInfo|Itanium.ActiveCfg = Release|x64
		{74057F42-7B59-48B9-8686-EF83D5C86BC1}.RelWithDebInfo|Itanium.Build.0 = Release|x64
		{74057F42-7B59-48B9-8686-EF83D5C86BC1}.RelWithDebInfo|x64.ActiveCfg = Release|x64
		{74057F42-7B59-48B9-8686-EF83D5C86BC1}.RelWithDebInfo|x64.Build.0 = Release|x64
		{74057F42-7B59-48B9-8686-EF83D5C86BC1}.RelWithDebInfo|x86.ActiveCfg = Release|Win32
		{74057F42-7B59-48B9-8686-EF83D5C86BC1}.RelWithDebInfo|x86.Build.0 = Release|Win32
		{3DB942D0-788C-4320-B293-C155B0F32A2C}.Debug|Itanium.ActiveCfg = Debug|Win32
		{3DB942D0-788C-4320-B293-C155B0F32A2C}.Debug|x64.ActiveCfg = Debug|x64
		{3DB942D0-788C-4320-B293-C155B0F32A2C}.Debug|x64.Build.0 = Debug|x64
		{3DB942D0-788C-4320-B293-C155B0F32A2C}.Debug|x86.ActiveCfg = Debug|Win32
		{3DB942D0-788C-4320-B293-C155B0F32A2C}.Debug|x86.Build.0 = Debug|Win32
		{3DB942D0-788C-4320-B293-C155B0F32A2C}.DebugSecondary|Itanium.ActiveCfg = DebugSecondary|Win32
		{3DB942D0-788C-4320-B293-C155B0F32A2C}.DebugSecondary|x64.ActiveCfg = DebugSecondary|x64
		{3DB942D0-788C-4320-B293-C155B0F32A2C}.DebugSecondary|x64.Build.0 = DebugSecondary|x64
		{3DB942D0-788C-4320-B293-C155B0F32A2C}.DebugSecondary|x86.ActiveCfg = DebugSecondary|Win32
		{3DB942D0-788C-4320-B293-C155B0F32A2C}.DebugSecondary|x86.Build.0 = DebugSecondary|Win32
		{3DB942D0-788C-4320-B293-C155B0F32A2C}.MinSizeRel|Itanium.ActiveCfg = Release|x64
		{3DB942D0-788C-4320-B293-C155B0F32A2C}.MinSizeRel|Itanium.Build.0 = Release|x64
		{3DB942D0-788C-4320-B293-C155B0F32A2C}.MinSizeRel|x64.ActiveCfg = Release|x64
		{3DB942D0-788C-4320-B293-C155B0F32A2C}.MinSizeRel|x64.Build.0 = Release|x64
		{3DB942D0-788C-4320-B293-C155B0F32A2C}.MinSizeRel|x86.ActiveCfg = Release|Win32
		{3DB942D0-788C-4320-B293-C155B0F32A2C}.MinSizeRel|x86.Build.0 = Release|Win32
		{3DB942D0-788C-4320-B293-C155B0F32A2C}.Release|Itanium.ActiveCfg = Release|Win32
		{3DB942D0-788C-4320-B293-C155B0F32A2C}.Release|x64.ActiveCfg = Release|x64
		{3DB942D0-788C-4320-B293-C155B0F32A2C}.Release|x64.Build.0 = Release|x64
		{3DB942D0-788C-4320-B293-C155B0F32A2C}.Release|x86.ActiveCfg = Release|Win32
		{3DB942D0-788C-4320-B293-C155B0F32A2C}.Release|x86.Build.0 = Release|Win32
		{3DB942D0-788C-4320-B293-C155B0F32A2C}.ReleaseWithoutAsm|Itanium.ActiveCfg = Release|x64
		{3DB942D0-788C-4320-B293-C155B0F32A2C}.ReleaseWithoutAsm|Itanium.Build.0 = Release|x64
		{3DB942D0-788C-4320-B293-C155B0F32A2C}.ReleaseWithoutAsm|x64.ActiveCfg = Release|x64
		{3DB942D0-788C-4320-B293-C155B0F32A2C}.ReleaseWithoutAsm|x64.Build.0 = Release|x64
		{3DB942D0-788C-4320-B293-C155B0F32A2C}.ReleaseWithoutAsm|x86.ActiveCfg = Release|Win32
		{3DB942D0-788C-4320-B293-C155B0F32A2C}.ReleaseWithoutAsm|x86.Build.0 = Release|Win32
		{3DB942D0-788C-4320-B293-C155B0F32A2C}.RelWithDebInfo|Itanium.ActiveCfg = Release|x64
		{3DB942D0-788C-4320-B293-C155B0F32A2C}.RelWithDebInfo|Itanium.Build.0 = Release|x64
		{3DB942D0-788C-4320-B293-C155B0F32A2C}.RelWithDebInfo|x64.ActiveCfg = Release|x64
		{3DB942D0-788C-4320-B293-C155B0F32A2C}.RelWithDebInfo|x64.Build.0 = Release|x64
		{3DB942D0-788C-4320-B293-C155B0F32A2C}.RelWithDebInfo|x86.ActiveCfg = Release|Win32
		{3DB942D0-788C-4320-B293-C155B0F32A2C}.RelWithDebInfo|x86.Build.0 = Release|Win32
		{21FEDD64-1B5C-47FA-9509-8DF9307FBBC7}.Debug|Itanium.ActiveCfg = Debug|Win32
		{21FEDD64-1B5C-47FA-9509-8DF9307FBBC7}.Debug|x64.ActiveCfg = Debug|x64
		{21FEDD64-1B5C-47FA-9509-8DF9307FBBC7}.Debug|x64.Build.0 = Debug|x64
		{21FEDD64-1B5C-47FA-9509-8DF9307FBBC7}.Debug|x86.ActiveCfg = Debug|Win32
		{21FEDD64-1B5C-47FA-9509-8DF9307FBBC7}.Debug|x86.Build.0 = Debug|Win32
		{21FEDD64-1B5C-47FA-9509-8DF9307FBBC7}.DebugSecondary|Itanium.ActiveCfg = DebugSecondary|Win32
		{21FEDD64-1B5C-47FA-9509-8DF9307FBBC7}.DebugSecondary|x64.ActiveCfg = DebugSecondary|x64
		{21FEDD64-1B5C-47FA-9509-8DF9307FBBC7}.DebugSecondary|x64.Build.0 = DebugSecondary|x64
		{21FEDD64-1B5C-47FA-9509-8DF9307FBBC7}.DebugSecondary|x86.ActiveCfg = DebugSecondary|Win32
		{21FEDD64-1B5C-47FA-9509-8DF9307FBBC7}.DebugSecondary|x86.Build.0 = DebugSecondary|Win32
		{21FEDD64-1B5C-47FA-9509-8DF9307FBBC7}.MinSizeRel|Itanium.ActiveCfg = Release|x64
		{21FEDD64-1B5C-47FA-9509-8DF9307FBBC7}.MinSizeRel|Itanium.Build.0 = Release|x64
		{21FEDD64-1B5C-47FA-9509-8DF9307FBBC7}.MinSizeRel|x64.ActiveCfg = Release|x64
		{21FEDD64-1B5C-47FA-9509-8DF9307FBBC7}.MinSizeRel|x64.Build.0 = Release|x64
		{21FEDD64-1B5C-47FA-9509-8DF9307FBBC7}.MinSizeRel|x86.ActiveCfg = Release|Win32
		{21FEDD64-1B5C-47FA-9509-8DF9307FBBC7}.MinSizeRel|x86.Build.0 = Release|Win32
		{21FEDD64-1B5C-47FA-9509-8DF9307FBBC7}.Release|Itanium.ActiveCfg = Release|Win32
		{21FEDD64-1B5C-47FA-9509-8DF9307FBBC7}.Release|x64.ActiveCfg = Release|x64
		{21FEDD64-1B5C-47FA-9509-8DF9307FBBC7}.Release|x64.Build.0 = Release|x64
		{21FEDD64-1B5C-47FA-9509-8DF9307FBBC7}.Release|x86.ActiveCfg = Release|Win32
		{21FEDD64-1B5C-47FA-9509-8DF9307FBBC7}.Release|x86.Build.0 = Release|Win32
		{21FEDD64-1B5C-47FA-9509-8DF9307FBBC7}.ReleaseWithoutAsm|Itanium.ActiveCfg = Release|x64
		{21FEDD64-1B5C-47FA-9509-8DF9307FBBC7}.ReleaseWithoutAsm|Itanium.Build.0 = Release|x64
		{21FEDD64-1B5C-47FA-9509-8DF9307FBBC7}.ReleaseWithoutAsm|x64.ActiveCfg = Release|x64
		{21FEDD64-1B5C-47FA-9509-8DF9307FBBC7}.ReleaseWithoutAsm|x64.Build.0 = Release|x64
		{21FEDD64-1B5C-47FA-9509-8DF9307FBBC7}.ReleaseWithoutAsm|x86.ActiveCfg = Release|Win32
		{21FEDD64-1B5C-47FA-9509-8DF9307FBBC7}.ReleaseWithoutAsm|x86.Build.0 = Release|Win32
		{21FEDD64-1B5C-47FA-9509-8DF9307FBBC7}.RelWithDebInfo|Itanium.ActiveCfg = Release|x64
		{21FEDD64-1B5C-47FA-9509-8DF9307FBBC7}.RelWithDebInfo|Itanium.Build.0 = Release|x64
		{21FEDD64-1B5C-47FA-9509-8DF9307FBBC7}.RelWithDebInfo|x64.ActiveCfg = Release|x64
		{21FEDD64-1B5C-47FA-9509-8DF9307FBBC7}.RelWithDebInfo|x64.Build.0 = Release|x64
		{21FEDD64-1B5C-47FA-9509-8DF9307FBBC7}.RelWithDebInfo|x86.ActiveCfg = Release|Win32
		{21FEDD64-1B5C-47FA-9509-8DF9307FBBC7}.RelWithDebInfo|x86.Build.0 = Release|Win32
		{178D2991-4F0B-42AF-8C65-D2ABA14725F4}.Debug|Itanium.ActiveCfg = Debug|Win32
		{178D2991-4F0B-42AF-8C65-D2ABA14725F4}.Debug|x64.ActiveCfg = Debug|x64
		{178D2991-4F0B-42AF-8C65-D2ABA14725F4}.Debug|x64.Build.0 = Debug|x64
		{178D2991-4F0B-42AF-8C65-D2ABA14725F4}.Debug|x86.ActiveCfg = Debug|Win32
		{178D2991-4F0B-42AF-8C65-D2ABA14725F4}.Debug|x86.Build.0 = Debug|Win32
		{178D2991-4F0B-42AF-8C65-D2ABA14725F4}.DebugSecondary|Itanium.ActiveCfg = DebugSecondary|Win32
		{178D2991-4F0B-42AF-8C65-D2ABA14725F4}.DebugSecondary|x64.ActiveCfg = DebugSecondary|x64
		{178D2991-4F0B-42AF-8C65-D2ABA14725F4}.DebugSecondary|x64.Build.0 = DebugSecondary|x64
		{178D2991-4F0B-42AF-8C65-D2ABA14725F4}.DebugSecondary|x86.ActiveCfg = DebugSecondary|Win32
		{178D2991-4F0B-42AF-8C65-D2ABA14725F4}.DebugSecondary|x86.Build.0 = DebugSecondary|Win32
		{178D2991-4F0B-42AF-8C65-D2ABA14725F4}.MinSizeRel|Itanium.ActiveCfg = Release|x64
		{178D2991-4F0B-42AF-8C65-D2ABA14725F4}.MinSizeRel|Itanium.Build.0 = Release|x64
		{178D2991-4F0B-42AF-8C65-D2ABA14725F4}.MinSizeRel|x64.ActiveCfg = Release|x64
		{178D2991-4F0B-42AF-8C65-D2ABA14725F4}.MinSizeRel|x64.Build.0 = Release|x64
		{178D2991-4F0B-42AF-8C65-D2ABA14725F4}.MinSizeRel|x86.ActiveCfg = Release|Win32
		{178D2991-4F0B-42AF-8C65-D2ABA14725F4}.MinSizeRel|x86.Build.0 = Release|Win32
		{178D2991-4F0B-42AF-8C65-D2ABA14725F4}.Release|Itanium.ActiveCfg = Release|Win32
		{178D2991-4F0B-42AF-8C65-D2ABA14725F4}.Release|x64.ActiveCfg = Release|x64
		{178D2991-4F0B-42AF-8C65-D2ABA14725F4}.Release|x64.Build.0 = Release|x64
		{178D2991-4F0B-42AF-8C65-D2ABA14725F4}.Release|x86.ActiveCfg = Release|Win32
		{178D2991-4F0B-42AF-8C65-D2ABA14725F4}.Release|x86.Build.0 = Release|Win32
		{178D2991-4F0B-42AF-8C65-D2ABA14725F4}.ReleaseWithoutAsm|Itanium.ActiveCfg = Release|x64
		{178D2991-4F0B-42AF-8C65-D2ABA14725F4}.ReleaseWithoutAsm|Itanium.Build.0 = Release|x64
		{178D2991-4F0B-42AF-8C65-D2ABA14725F4}.ReleaseWithoutAsm|x64.ActiveCfg = Release|x64
		{178D2991-4F0B-42AF-8C65-D2ABA14725F4}.ReleaseWithoutAsm|x64.Build.0 = Release|x64
		{178D2991-4F0B-42AF-8C65-D2ABA14725F4}.ReleaseWithoutAsm|x86.ActiveCfg = Release|Win32
		{178D2991-4F0B-42AF-8C65-D2ABA14725F4}.ReleaseWithoutAsm|x86.Build.0 = Release|Win32
		{178D2991-4F0B-42AF-8C65-D2ABA14725F4}.RelWithDebInfo|Itanium.ActiveCfg = Release|x64
		{178D2991-4F0B-42AF-8C65-D2ABA14725F4}.RelWithDebInfo|Itanium.Build.0 = Release|x64
		{178D2991-4F0B-42AF-8C65-D2ABA14725F4}.RelWithDebInfo|x64.ActiveCfg = Release|x64
		{178D2991-4F0B-42AF-8C65-D2ABA14725F4}.RelWithDebInfo|x64.Build.0 = Release|x64
		{178D2991-4F0B-42AF-8C65-D2ABA14725F4}.RelWithDebInfo|x86.ActiveCfg = Release|Win32
		{178D2991-4F0B-42AF-8C65-D2ABA14725F4}.RelWithDebInfo|x86.Build.0 = Release|Win32
		{DBB0E39D-C26D-401C-ABBE-26F888AC1694}.Debug|Itanium.ActiveCfg = Debug|Win32
		{DBB0E39D-C26D-401C-ABBE-26F888AC1694}.Debug|x64.ActiveCfg = Debug|x64
		{DBB0E39D-C26D-401C-ABBE-26F888AC1694}.Debug|x64.Build.0 = Debug|x64
		{DBB0E39D-C26D-401C-ABBE-26F888AC1694}.Debug|x86.ActiveCfg = Debug|Win32
		{DBB0E39D-C26D-401C-ABBE-26F888AC1694}.Debug|x86.Build.0 = Debug|Win32
		{DBB0E39D-C26D-401C-ABBE-26F888AC1694}.DebugSecondary|Itanium.ActiveCfg = DebugSecondary|Win32
		{DBB0E39D-C26D-401C-ABBE-26F888AC1694}.DebugSecondary|x64.ActiveCfg = DebugSecondary|x64
		{DBB0E39D-C26D-401C-ABBE-26F888AC1694}.DebugSecondary|x64.Build.0 = DebugSecondary|x64
		{DBB0E39D-C26D-401C-ABBE-26F888AC1694}.DebugSecondary|x86.ActiveCfg = DebugSecondary|Win32
		{DBB0E39D-C26D-401C-ABBE-26F888AC1694}.DebugSecondary|x86.Build.0 = DebugSecondary|Win32
		{DBB0E39D-C26D-401C-ABBE-26F888AC1694}.MinSizeRel|Itanium.ActiveCfg = Release|x64
		{DBB0E39D-C26D-401C-ABBE-26F888AC1694}.MinSizeRel|Itanium.Build.0 = Release|x64
		{DBB0E39D-C26D-401C-ABBE-26F888AC1694}.MinSizeRel|x64.ActiveCfg = Release|x64
		{DBB0E39D-C26D-401C-ABBE-26F888AC1694}.MinSizeRel|x64.Build.0 = Release|x64
		{DBB0E39D-C26D-401C-ABBE-26F888AC1694}.MinSizeRel|x86.ActiveCfg = Release|Win32
		{DBB0E39D-C26D-401C-ABBE-26F888AC1694}.MinSizeRel|x86.Build.0 = Release|Win32
		{DBB0E39D-C26D-401C-ABBE-26F888AC1694}.Release|Itanium.ActiveCfg = Release|Win32
		{DBB0E39D-C26D-401C-ABBE-26F888AC1694}.Release|x64.ActiveCfg = Release|x64
		{DBB0E39D-C26D-401C-ABBE-26F888AC1694}.Release|x64.Build.0 = Release|x64
		{DBB0E39D-C26D-401C-ABBE-26F888AC1694}.Release|x86.ActiveCfg = Release|Win32
		{DBB0E39D-C26D-401C-ABBE-26F888AC1694}.Release|x86.Build.0 = Release|Win32
		{DBB0E39D-C26D-401C-ABBE-26F888AC1694}.ReleaseWithoutAsm|Itanium.ActiveCfg = Release|x64
		{DBB0E39D-C26D-401C-ABBE-26F888AC1694}.ReleaseWithoutAsm|Itanium.Build.0 = Release|x64
		{DBB0E39D-C26D-401C-ABBE-26F888AC1694}.ReleaseWithoutAsm|x64.ActiveCfg = Release|x64
		{DBB0E39D-C26D-401C-ABBE-26F888AC1694}.ReleaseWithoutAsm|x64.Build.0 = Release|x64
		{DBB0E39D-C26D-401C-ABBE-26F888AC1694}.ReleaseWithoutAsm|x86.ActiveCfg = Release|Win32
		{DBB0E39D-C26D-401C-ABBE-26F888AC1694}.ReleaseWithoutAsm|x86.Build.0 = Release|Win32
		{DBB0E39D-C26D-401C-ABBE-26F888AC1694}.RelWithDebInfo|Itanium.ActiveCfg = Release|x64
		{DBB0E39D-C26D-401C-ABBE-26F888AC1694}.RelWithDebInfo|Itanium.Build.0 = Release|x64
		{DBB0E39D-C26D-401C-ABBE-26F888AC1694}.RelWithDebInfo|x64.ActiveCfg = Release|x64
		{DBB0E39D-C26D-401C-ABBE-26F888AC1694}.RelWithDebInfo|x64.Build.0 = Release|x64
		{DBB0E39D-C26D-401C-ABBE-26F888AC1694}.RelWithDebInfo|x86.ActiveCfg = Release|Win32
		{DBB0E39D-C26D-401C-ABBE-26F888AC1694}.RelWithDebInfo|x86.Build.0 = Release|Win32
		{37B13273-59C5-4E3E-958D-C1EA661B9CC6}.Debug|Itanium.ActiveCfg = Debug|Win32
		{37B13273-59C5-4E3E-958D-C1EA661B9CC6}.Debug|x64.ActiveCfg = Debug|x64
		{37B13273-59C5-4E3E-958D-C1EA661B9CC6}.Debug|x64.Build.0 = Debug|x64
		{37B13273-59C5-4E3E-958D-C1EA661B9CC6}.Debug|x86.ActiveCfg = Debug|Win32
		{37B13273-59C5-4E3E-958D-C1EA661B9CC6}.Debug|x86.Build.0 = Debug|Win32
		{37B13273-59C5-4E3E-958D-C1EA661B9CC6}.DebugSecondary|Itanium.ActiveCfg = DebugSecondary|Win32
		{37B13273-59C5-4E3E-958D-C1EA661B9CC6}.DebugSecondary|x64.ActiveCfg = DebugSecondary|x64
		{37B13273-59C5-4E3E-958D-C1EA661B9CC6}.DebugSecondary|x64.Build.0 = DebugSecondary|x64
		{37B13273-59C5-4E3E-958D-C1EA661B9CC6}.DebugSecondary|x86.ActiveCfg = DebugSecondary|Win32
		{37B13273-59C5-4E3E-958D-C1EA661B9CC6}.DebugSecondary|x86.Build.0 = DebugSecondary|Win32
		{37B13273-59C5-4E3E-958D-C1EA661B9CC6}.MinSizeRel|Itanium.ActiveCfg = Release|x64
		{37B13273-59C5-4E3E-958D-C1EA661B9CC6}.MinSizeRel|Itanium.Build.0 = Release|x64
		{37B13273-59C5-4E3E-958D-C1EA661B9CC6}.MinSizeRel|x64.ActiveCfg = Release|x64
		{37B13273-59C5-4E3E-958D-C1EA661B9CC6}.MinSizeRel|x64.Build.0 = Release|x64
		{37B13273-59C5-4E3E-958D-C1EA661B9CC6}.MinSizeRel|x86.ActiveCfg = Release|Win32
		{37B13273-59C5-4E3E-958D-C1EA661B9CC6}.MinSizeRel|x86.Build.0 = Release|Win32
		{37B13273-59C5-4E3E-958D-C1EA661B9CC6}.Release|Itanium.ActiveCfg = Release|Win32
		{37B13273-59C5-4E3E-958D-C1EA661B9CC6}.Release|x64.ActiveCfg = Release|x64
		{37B13273-59C5-4E3E-958D-C1EA661B9CC6}.Release|x64.Build.0 = Release|x64
		{37B13273-59C5-4E3E-958D-C1EA661B9CC6}.Release|x86.ActiveCfg = Release|Win32
		{37B13273-59C5-4E3E-958D-C1EA661B9CC6}.Release|x86.Build.0 = Release|Win32
		{37B13273-59C5-4E3E-958D-C1EA661B9CC6}.ReleaseWithoutAsm|Itanium.ActiveCfg = Release|x64
		{37B13273-59C5-4E3E-958D-C1EA661B9CC6}.ReleaseWithoutAsm|Itanium.Build.0 = Release|x64
		{37B13273-59C5-4E3E-958D-C1EA661B9CC6}.ReleaseWithoutAsm|x64.ActiveCfg = Release|x64
		{37B13273-59C5-4E3E-958D-C1EA661B9CC6}.ReleaseWithoutAsm|x64.Build.0 = Release|x64
		{37B13273-59C5-4E3E-958D-C1EA661B9CC6}.ReleaseWithoutAsm|x86.ActiveCfg = Release|Win32
		{37B13273-59C5-4E3E-958D-C1EA661B9CC6}.ReleaseWithoutAsm|x86.Build.0 = Release|Win32
		{37B13273-59C5-4E3E-958D-C1EA661B9CC6}.RelWithDebInfo|Itanium.ActiveCfg = Release|x64
		{37B13273-59C5-4E3E-958D-C1EA661B9CC6}.RelWithDebInfo|Itanium.Build.0 = Release|x64
		{37B13273-59C5-4E3E-958D-C1EA661B9CC6}.RelWithDebInfo|x64.ActiveCfg = Release|x64
		{37B13273-59C5-4E3E-958D-C1EA661B9CC6}.RelWithDebInfo|x64.Build.0 = Release|x64
		{37B13273-59C5-4E3E-958D-C1EA661B9CC6}.RelWithDebInfo|x86.ActiveCfg = Release|Win32
		{37B13273-59C5-4E3E-958D-C1EA661B9CC6}.RelWithDebInfo|x86.Build.0 = Release|Win32
		{745DEC58-EBB3-47A9-A9B8-4C6627C01BF8}.Debug|Itanium.ActiveCfg = Debug|Itanium
		{745DEC58-EBB3-47A9-A9B8-4C6627C01BF8}.Debug|Itanium.Build.0 = Debug|Itanium
		{745DEC58-EBB3-47A9-A9B8-4C6627C01BF8}.Debug|x64.ActiveCfg = Debug|x64
		{745DEC58-EBB3-47A9-A9B8-4C6627C01BF8}.Debug|x64.Build.0 = Debug|x64
		{745DEC58-EBB3-47A9-A9B8-4C6627C01BF8}.Debug|x86.ActiveCfg = Debug|Win32
		{745DEC58-EBB3-47A9-A9B8-4C6627C01BF8}.Debug|x86.Build.0 = Debug|Win32
		{745DEC58-EBB3-47A9-A9B8-4C6627C01BF8}.DebugSecondary|Itanium.ActiveCfg = DebugSecondary|Win32
		{745DEC58-EBB3-47A9-A9B8-4C6627C01BF8}.DebugSecondary|x64.ActiveCfg = DebugSecondary|x64
		{745DEC58-EBB3-47A9-A9B8-4C6627C01BF8}.DebugSecondary|x64.Build.0 = DebugSecondary|x64
		{745DEC58-EBB3-47A9-A9B8-4C6627C01BF8}.DebugSecondary|x86.ActiveCfg = DebugSecondary|Win32
		{745DEC58-EBB3-47A9-A9B8-4C6627C01BF8}.DebugSecondary|x86.Build.0 = DebugSecondary|Win32
		{745DEC58-EBB3-47A9-A9B8-4C6627C01BF8}.MinSizeRel|Itanium.ActiveCfg = ReleaseWithoutAsm|Itanium
		{745DEC58-EBB3-47A9-A9B8-4C6627C01BF8}.MinSizeRel|Itanium.Build.0 = ReleaseWithoutAsm|Itanium
		{745DEC58-EBB3-47A9-A9B8-4C6627C01BF8}.MinSizeRel|x64.ActiveCfg = Release|x64
		{745DEC58-EBB3-47A9-A9B8-4C6627C01BF8}.MinSizeRel|x64.Build.0 = Release|x64
		{745DEC58-EBB3-47A9-A9B8-4C6627C01BF8}.MinSizeRel|x86.ActiveCfg = Release|Win32
		{745DEC58-EBB3-47A9-A9B8-4C6627C01BF8}.MinSizeRel|x86.Build.0 = Release|Win32
		{745DEC58-EBB3-47A9-A9B8-4C6627C01BF8}.Release|Itanium.ActiveCfg = Release|Itanium
		{745DEC58-EBB3-47A9-A9B8-4C6627C01BF8}.Release|Itanium.Build.0 = Release|Itanium
		{745DEC58-EBB3-47A9-A9B8-4C6627C01BF8}.Release|x64.ActiveCfg = ReleaseWithoutAsm|x64
		{745DEC58-EBB3-47A9-A9B8-4C6627C01BF8}.Release|x64.Build.0 = ReleaseWithoutAsm|x64
		{745DEC58-EBB3-47A9-A9B8-4C6627C01BF8}.Release|x86.ActiveCfg = Release|Win32
		{745DEC58-EBB3-47A9-A9B8-4C6627C01BF8}.Release|x86.Build.0 = Release|Win32
		{745DEC58-EBB3-47A9-A9B8-4C6627C01BF8}.ReleaseWithoutAsm|Itanium.ActiveCfg = ReleaseWithoutAsm|Itanium
		{745DEC58-EBB3-47A9-A9B8-4C6627C01BF8}.ReleaseWithoutAsm|Itanium.Build.0 = ReleaseWithoutAsm|Itanium
		{745DEC58-EBB3-47A9-A9B8-4C6627C01BF8}.ReleaseWithoutAsm|x64.ActiveCfg = ReleaseWithoutAsm|x64
		{745DEC58-EBB3-47A9-A9B8-4C6627C01BF8}.ReleaseWithoutAsm|x64.Build.0 = ReleaseWithoutAsm|x64
		{745DEC58-EBB3-47A9-A9B8-4C6627C01BF8}.ReleaseWithoutAsm|x86.ActiveCfg = ReleaseWithoutAsm|Win32
		{745DEC58-EBB3-47A9-A9B8-4C6627C01BF8}.ReleaseWithoutAsm|x86.Build.0 = ReleaseWithoutAsm|Win32
		{745DEC58-EBB3-47A9-A9B8-4C6627C01BF8}.RelWithDebInfo|Itanium.ActiveCfg = ReleaseWithoutAsm|Itanium
		{745DEC58-EBB3-47A9-A9B8-4C6627C01BF8}.RelWithDebInfo|Itanium.Build.0 = ReleaseWithoutAsm|Itanium
		{745DEC58-EBB3-47A9-A9B8-4C6627C01BF8}.RelWithDebInfo|x64.ActiveCfg = Release|x64
		{745DEC58-EBB3-47A9-A9B8-4C6627C01BF8}.RelWithDebInfo|x64.Build.0 = Release|x64
		{745DEC58-EBB3-47A9-A9B8-4C6627C01BF8}.RelWithDebInfo|x86.ActiveCfg = Release|Win32
		{745DEC58-EBB3-47A9-A9B8-4C6627C01BF8}.RelWithDebInfo|x86.Build.0 = Release|Win32
		{D719F2DF-919F-4219-B020-5525E8552056}.Debug|Itanium.ActiveCfg = Debug|Win32
		{D719F2DF-919F-4219-B020-5525E8552056}.Debug|x64.ActiveCfg = Debug|x64
		{D719F2DF-919F-4219-B020-5525E8552056}.Debug|x86.ActiveCfg = Debug|Win32
		{D719F2DF-919F-4219-B020-5525E8552056}.Debug|x86.Build.0 = Debug|Win32
		{D719F2DF-919F-4219-B020-5525E8552056}.DebugSecondary|Itanium.ActiveCfg = Release|x64
		{D719F2DF-919F-4219-B020-5525E8552056}.DebugSecondary|Itanium.Build.0 = Release|x64
		{D719F2DF-919F-4219-B020-5525E8552056}.DebugSecondary|x64.ActiveCfg = Debug|x64
		{D719F2DF-919F-4219-B020-5525E8552056}.DebugSecondary|x64.Build.0 = Debug|x64
		{D719F2DF-919F-4219-B020-5525E8552056}.DebugSecondary|x86.ActiveCfg = Debug|Win32
		{D719F2DF-919F-4219-B020-5525E8552056}.DebugSecondary|x86.Build.0 = Debug|Win32
		{D719F2DF-919F-4219-B020-5525E8552056}.MinSizeRel|Itanium.ActiveCfg = Release|x64
		{D719F2DF-919F-4219-B020-5525E8552056}.MinSizeRel|Itanium.Build.0 = Release|x64
		{D719F2DF-919F-4219-B020-5525E8552056}.MinSizeRel|x64.ActiveCfg = Release|x64
		{D719F2DF-919F-4219-B020-5525E8552056}.MinSizeRel|x64.Build.0 = Release|x64
		{D719F2DF-919F-4219-B020-5525E8552056}.MinSizeRel|x86.ActiveCfg = Release|Win32
		{D719F2DF-919F-4219-B020-5525E8552056}.MinSizeRel|x86.Build.0 = Release|Win32
		{D719F2DF-919F-4219-B020-5525E8552056}.Release|Itanium.ActiveCfg = Release|Win32
		{D719F2DF-919F-4219-B020-5525E8552056}.Release|x64.ActiveCfg = Release|x64
		{D719F2DF-919F-4219-B020-5525E8552056}.Release|x86.ActiveCfg = Release|Win32
		{D719F2DF-919F-4219-B020-5525E8552056}.Release|x86.Build.0 = Release|Win32
		{D719F2DF-919F-4219-B020-5525E8552056}.ReleaseWithoutAsm|Itanium.ActiveCfg = Release|x64
		{D719F2DF-919F-4219-B020-5525E8552056}.ReleaseWithoutAsm|Itanium.Build.0 = Release|x64
		{D719F2DF-919F-4219-B020-5525E8552056}.ReleaseWithoutAsm|x64.ActiveCfg = Release|x64
		{D719F2DF-919F-4219-B020-5525E8552056}.ReleaseWithoutAsm|x64.Build.0 = Release|x64
		{D719F2DF-919F-4219-B020-5525E8552056}.ReleaseWithoutAsm|x86.ActiveCfg = Release|Win32
		{D719F2DF-919F-4219-B020-5525E8552056}.ReleaseWithoutAsm|x86.Build.0 = Release|Win32
		{D719F2DF-919F-4219-B020-5525E8552056}.RelWithDebInfo|Itanium.ActiveCfg = Release|x64
		{D719F2DF-919F-4219-B020-5525E8552056}.RelWithDebInfo|Itanium.Build.0 = Release|x64
		{D719F2DF-919F-4219-B020-5525E8552056}.RelWithDebInfo|x64.ActiveCfg = Release|x64
		{D719F2DF-919F-4219-B020-5525E8552056}.RelWithDebInfo|x64.Build.0 = Release|x64
		{D719F2DF-919F-4219-B020-5525E8552056}.RelWithDebInfo|x86.ActiveCfg = Release|Win32
		{D719F2DF-919F-4219-B020-5525E8552056}.RelWithDebInfo|x86.Build.0 = Release|Win32
	EndGlobalSection
	GlobalSection(SolutionProperties) = preSolution
		HideSolutionNode = FALSE
	EndGlobalSection
EndGlobal
