<?xml version="1.0" encoding="utf-8"?>
<Project ToolsVersion="4.0" xmlns="http://schemas.microsoft.com/developer/msbuild/2003">
  <ItemGroup>
    <Filter Include="Source Files">
      <UniqueIdentifier>{4FC737F1-C7A5-4376-A066-2A32D752A2FF}</UniqueIdentifier>
      <Extensions>cpp;c;cc;cxx;def;odl;idl;hpj;bat;asm;asmx</Extensions>
    </Filter>
    <Filter Include="Source Files\BigDigits">
      <UniqueIdentifier>{b408fa2e-d56a-41f5-973b-c204ecb1d7d6}</UniqueIdentifier>
    </Filter>
    <Filter Include="Source Files\Crypto">
      <UniqueIdentifier>{8518312d-8db7-4e28-8d2f-7e6bc6991980}</UniqueIdentifier>
    </Filter>
    <Filter Include="Source Files\NetworkIO">
      <UniqueIdentifier>{70fb501c-035f-4cb4-a789-b823f349b360}</UniqueIdentifier>
    </Filter>
    <Filter Include="Source Files\Math">
      <UniqueIdentifier>{4cde9f89-262b-4577-ac6b-82702dc63448}</UniqueIdentifier>
    </Filter>
    <Filter Include="Header Files">
      <UniqueIdentifier>{93995380-89BD-4b04-88EB-625FBE52EBFB}</UniqueIdentifier>
      <Extensions>h;hpp;hxx;hm;inl;inc;xsd</Extensions>
    </Filter>
    <Filter Include="Header Files\BigDigits">
      <UniqueIdentifier>{9284fc18-dbe8-414f-8623-c5e9c431580d}</UniqueIdentifier>
    </Filter>
    <Filter Include="Resource Files">
      <UniqueIdentifier>{67DA6AB6-F800-4c08-8B7A-83BB121AAD01}</UniqueIdentifier>
      <Extensions>rc;ico;cur;bmp;dlg;rc2;rct;bin;rgs;gif;jpg;jpeg;jpe;resx;tiff;tif;png;wav</Extensions>
    </Filter>
    <Filter Include="Header Files\zlib">
      <UniqueIdentifier>{f70cc924-34da-4564-9497-bed0a4bcbf4c}</UniqueIdentifier>
    </Filter>
    <Filter Include="Source Files\Compression">
      <UniqueIdentifier>{abe79071-1c1d-4156-9461-7d77c8b3bea0}</UniqueIdentifier>
    </Filter>
    <Filter Include="Source Files\Markup">
      <UniqueIdentifier>{1f74c109-df10-48cb-9de2-8035fba23c8f}</UniqueIdentifier>
    </Filter>
    <Filter Include="Source Files\IOCompletionPort">
      <UniqueIdentifier>{97bcaeb3-22ba-47a9-9863-e3a1e0f54369}</UniqueIdentifier>
    </Filter>
    <Filter Include="Source Files\XML">
      <UniqueIdentifier>{fb5cce69-1207-4119-93df-4305450218f6}</UniqueIdentifier>
    </Filter>
    <Filter Include="Source Files\Voronoi">
      <UniqueIdentifier>{4c13c8ef-a8e4-4363-be7d-9b5b59d8a600}</UniqueIdentifier>
    </Filter>
    <Filter Include="Header Files\Voronoi">
      <UniqueIdentifier>{bd6c4ded-4d88-410c-a17a-2a9239743cd0}</UniqueIdentifier>
    </Filter>
    <Filter Include="Source Files\Streams">
      <UniqueIdentifier>{a773f325-0c1f-4106-b4d9-e70bc463069c}</UniqueIdentifier>
    </Filter>
    <Filter Include="Source Files\FileIO">
      <UniqueIdentifier>{77b730c9-d7a8-4556-888c-8883601b3fd1}</UniqueIdentifier>
    </Filter>
    <Filter Include="Source Files\Parsers">
      <UniqueIdentifier>{0b0fdebb-9414-477b-a915-e8c60a5854a8}</UniqueIdentifier>
    </Filter>
  </ItemGroup>
  <ItemGroup>
    <ClCompile Include="Array.cpp">
      <Filter>Source Files</Filter>
    </ClCompile>
    <ClCompile Include="CAttributeList.cpp">
      <Filter>Source Files</Filter>
    </ClCompile>
    <ClCompile Include="CDateTime.cpp">
      <Filter>Source Files</Filter>
    </ClCompile>
    <ClCompile Include="CLargeSet.cpp">
      <Filter>Source Files</Filter>
    </ClCompile>
    <ClCompile Include="CManualEvent.cpp">
      <Filter>Source Files</Filter>
    </ClCompile>
    <ClCompile Include="CProcess.cpp">
      <Filter>Source Files</Filter>
    </ClCompile>
    <ClCompile Include="CResource.cpp">
      <Filter>Source Files</Filter>
    </ClCompile>
    <ClCompile Include="CSemaphore.cpp">
      <Filter>Source Files</Filter>
    </ClCompile>
    <ClCompile Include="CString.cpp">
      <Filter>Source Files</Filter>
    </ClCompile>
    <ClCompile Include="CString16.cpp">
      <Filter>Source Files</Filter>
    </ClCompile>
    <ClCompile Include="stdafx.cpp">
      <Filter>Source Files</Filter>
    </ClCompile>
    <ClCompile Include="Unicode.cpp">
      <Filter>Source Files</Filter>
    </ClCompile>
    <ClCompile Include="Utilities.cpp">
      <Filter>Source Files</Filter>
    </ClCompile>
    <ClCompile Include="BigDigits\bigd.c">
      <Filter>Source Files\BigDigits</Filter>
    </ClCompile>
    <ClCompile Include="BigDigits\bigdigits.c">
      <Filter>Source Files\BigDigits</Filter>
    </ClCompile>
    <ClCompile Include="BigDigits\bigdigitsRand.c">
      <Filter>Source Files\BigDigits</Filter>
    </ClCompile>
    <ClCompile Include="BigDigits\bigdRand.c">
      <Filter>Source Files\BigDigits</Filter>
    </ClCompile>
    <ClCompile Include="Crypto.cpp">
      <Filter>Source Files\Crypto</Filter>
    </ClCompile>
    <ClCompile Include="SecureHashAlgorithm.cpp">
      <Filter>Source Files\Crypto</Filter>
    </ClCompile>
    <ClCompile Include="CHTMLForm.cpp">
      <Filter>Source Files\NetworkIO</Filter>
    </ClCompile>
    <ClCompile Include="CHTTPMessage.cpp">
      <Filter>Source Files\NetworkIO</Filter>
    </ClCompile>
    <ClCompile Include="CMultipartData.cpp">
      <Filter>Source Files\NetworkIO</Filter>
    </ClCompile>
    <ClCompile Include="CSocket.cpp">
      <Filter>Source Files\NetworkIO</Filter>
    </ClCompile>
    <ClCompile Include="HTML.cpp">
      <Filter>Source Files\NetworkIO</Filter>
    </ClCompile>
    <ClCompile Include="IMediaType.cpp">
      <Filter>Source Files\NetworkIO</Filter>
    </ClCompile>
    <ClCompile Include="URLs.cpp">
      <Filter>Source Files\NetworkIO</Filter>
    </ClCompile>
    <ClCompile Include="CArcOutline.cpp">
      <Filter>Source Files\Math</Filter>
    </ClCompile>
    <ClCompile Include="Math.cpp">
      <Filter>Source Files\Math</Filter>
    </ClCompile>
    <ClCompile Include="TVector2D.cpp">
      <Filter>Source Files\Math</Filter>
    </ClCompile>
    <ClCompile Include="CIPInteger.cpp">
      <Filter>Source Files\Math</Filter>
    </ClCompile>
    <ClCompile Include="CXForm2D.cpp">
      <Filter>Source Files\Math</Filter>
    </ClCompile>
    <ClCompile Include="Compression.cpp">
      <Filter>Source Files\Compression</Filter>
    </ClCompile>
    <ClCompile Include="CHexeTextProcessor.cpp">
      <Filter>Source Files\Markup</Filter>
    </ClCompile>
    <ClCompile Include="CTextMarkupParser.cpp">
      <Filter>Source Files\Markup</Filter>
    </ClCompile>
    <ClCompile Include="CHTTPMessageBodyBuilder.cpp">
      <Filter>Source Files\NetworkIO</Filter>
    </ClCompile>
    <ClCompile Include="CIOCompletionPort.cpp">
      <Filter>Source Files\IOCompletionPort</Filter>
    </ClCompile>
    <ClCompile Include="CIOCPSocket.cpp">
      <Filter>Source Files\IOCompletionPort</Filter>
    </ClCompile>
    <ClCompile Include="IIOCPEntry.cpp">
      <Filter>Source Files\IOCompletionPort</Filter>
    </ClCompile>
    <ClCompile Include="XML.cpp">
      <Filter>Source Files\XML</Filter>
    </ClCompile>
    <ClCompile Include="CEntityResolverList.cpp">
      <Filter>Source Files\XML</Filter>
    </ClCompile>
    <ClCompile Include="CExternalEntityTable.cpp">
      <Filter>Source Files\XML</Filter>
    </ClCompile>
    <ClCompile Include="CXMLElement.cpp">
      <Filter>Source Files\XML</Filter>
    </ClCompile>
    <ClCompile Include="XMLParser.cpp">
      <Filter>Source Files\XML</Filter>
    </ClCompile>
    <ClCompile Include="VoronoiGenerator.cpp">
      <Filter>Source Files\Voronoi</Filter>
    </ClCompile>
    <ClCompile Include="Voronoi.cpp">
      <Filter>Source Files\Voronoi</Filter>
    </ClCompile>
    <ClCompile Include="CVoronoiTessellation.cpp">
      <Filter>Source Files\Voronoi</Filter>
    </ClCompile>
    <ClCompile Include="MathRandom.cpp">
      <Filter>Source Files\Math</Filter>
    </ClCompile>
    <ClCompile Include="CPolygon2D.cpp">
      <Filter>Source Files\Math</Filter>
    </ClCompile>
    <ClCompile Include="Geometry.cpp">
      <Filter>Source Files\Math</Filter>
    </ClCompile>
    <ClCompile Include="CRect2D.cpp">
      <Filter>Source Files\Math</Filter>
    </ClCompile>
    <ClCompile Include="CHexGridBase.cpp">
      <Filter>Source Files\Math</Filter>
    </ClCompile>
    <ClCompile Include="CPolygonIntersector.cpp">
      <Filter>Source Files\Math</Filter>
    </ClCompile>
    <ClCompile Include="CLine2D.cpp">
      <Filter>Source Files\Math</Filter>
    </ClCompile>
    <ClCompile Include="CHexGridNavigator.cpp">
      <Filter>Source Files\Math</Filter>
    </ClCompile>
    <ClCompile Include="CVoronoiNavigator.cpp">
      <Filter>Source Files\Voronoi</Filter>
    </ClCompile>
    <ClCompile Include="CCryptoDigest.cpp">
      <Filter>Source Files\Crypto</Filter>
    </ClCompile>
    <ClCompile Include="Streams.cpp">
      <Filter>Source Files\Streams</Filter>
    </ClCompile>
    <ClCompile Include="CBase64Decoder.cpp">
      <Filter>Source Files\Streams</Filter>
    </ClCompile>
    <ClCompile Include="CBase64Encoder.cpp">
      <Filter>Source Files\Streams</Filter>
    </ClCompile>
    <ClCompile Include="CBuffer.cpp">
      <Filter>Source Files\Streams</Filter>
    </ClCompile>
    <ClCompile Include="CBufferedIO.cpp">
      <Filter>Source Files\Streams</Filter>
    </ClCompile>
    <ClCompile Include="CCharStream.cpp">
      <Filter>Source Files\Streams</Filter>
    </ClCompile>
    <ClCompile Include="CCircularBuffer.cpp">
      <Filter>Source Files\Streams</Filter>
    </ClCompile>
    <ClCompile Include="CMemoryBlockImpl.cpp">
      <Filter>Source Files\Streams</Filter>
    </ClCompile>
    <ClCompile Include="CMemoryBuffer.cpp">
      <Filter>Source Files\Streams</Filter>
    </ClCompile>
    <ClCompile Include="CSharedMemoryBuffer.cpp">
      <Filter>Source Files\Streams</Filter>
    </ClCompile>
    <ClCompile Include="CStringBuffer.cpp">
      <Filter>Source Files\Streams</Filter>
    </ClCompile>
    <ClCompile Include="CFile.cpp">
      <Filter>Source Files\FileIO</Filter>
    </ClCompile>
    <ClCompile Include="CFileBuffer.cpp">
      <Filter>Source Files\FileIO</Filter>
    </ClCompile>
    <ClCompile Include="CFileMultiplexer.cpp">
      <Filter>Source Files\FileIO</Filter>
    </ClCompile>
    <ClCompile Include="FileIO.cpp">
      <Filter>Source Files\FileIO</Filter>
    </ClCompile>
    <ClCompile Include="IMemoryBlock.cpp">
      <Filter>Source Files\Streams</Filter>
    </ClCompile>
    <ClCompile Include="SuperFastHash.cpp">
      <Filter>Source Files</Filter>
    </ClCompile>
    <ClCompile Include="CMutex.cpp">
      <Filter>Source Files</Filter>
    </ClCompile>
    <ClCompile Include="IByteStream64.cpp">
      <Filter>Source Files\Streams</Filter>
    </ClCompile>
    <ClCompile Include="CMemoryBlockImpl64.cpp">
      <Filter>Source Files\Streams</Filter>
    </ClCompile>
    <ClCompile Include="CFileBuffer64.cpp">
      <Filter>Source Files\FileIO</Filter>
    </ClCompile>
    <ClCompile Include="CFoundation.cpp">
      <Filter>Source Files</Filter>
    </ClCompile>
    <ClCompile Include="CDBValue.cpp">
      <Filter>Source Files</Filter>
    </ClCompile>
    <ClCompile Include="CCSVParser.cpp">
      <Filter>Source Files\Parsers</Filter>
    </ClCompile>
  </ItemGroup>
  <ItemGroup>
    <ClInclude Include="..\Include\Foundation.h">
      <Filter>Header Files</Filter>
    </ClInclude>
    <ClInclude Include="..\Include\FoundationArrays.h">
      <Filter>Header Files</Filter>
    </ClInclude>
    <ClInclude Include="..\Include\FoundationCrypto.h">
      <Filter>Header Files</Filter>
    </ClInclude>
    <ClInclude Include="..\Include\FoundationDebug.h">
      <Filter>Header Files</Filter>
    </ClInclude>
    <ClInclude Include="..\Include\FoundationExceptions.h">
      <Filter>Header Files</Filter>
    </ClInclude>
    <ClInclude Include="..\Include\FoundationFileIO.h">
      <Filter>Header Files</Filter>
    </ClInclude>
    <ClInclude Include="..\Include\FoundationGrids.h">
      <Filter>Header Files</Filter>
    </ClInclude>
    <ClInclude Include="..\Include\FoundationMath.h">
      <Filter>Header Files</Filter>
    </ClInclude>
    <ClInclude Include="..\Include\FoundationMathGeometry.h">
      <Filter>Header Files</Filter>
    </ClInclude>
    <ClInclude Include="..\Include\FoundationNetworkIO.h">
      <Filter>Header Files</Filter>
    </ClInclude>
    <ClInclude Include="..\Include\FoundationStreams.h">
      <Filter>Header Files</Filter>
    </ClInclude>
    <ClInclude Include="..\Include\FoundationStrings.h">
      <Filter>Header Files</Filter>
    </ClInclude>
    <ClInclude Include="..\Include\FoundationThreads.h">
      <Filter>Header Files</Filter>
    </ClInclude>
    <ClInclude Include="..\Include\FoundationTime.h">
      <Filter>Header Files</Filter>
    </ClInclude>
    <ClInclude Include="..\Include\FoundationUtilities.h">
      <Filter>Header Files</Filter>
    </ClInclude>
    <ClInclude Include="stdafx.h">
      <Filter>Header Files</Filter>
    </ClInclude>
    <ClInclude Include="UnicodeTables.h">
      <Filter>Header Files</Filter>
    </ClInclude>
    <ClInclude Include="BigDigits\bigd.h">
      <Filter>Header Files\BigDigits</Filter>
    </ClInclude>
    <ClInclude Include="BigDigits\bigdigits.h">
      <Filter>Header Files\BigDigits</Filter>
    </ClInclude>
    <ClInclude Include="BigDigits\bigdigitsRand.h">
      <Filter>Header Files\BigDigits</Filter>
    </ClInclude>
    <ClInclude Include="BigDigits\bigdRand.h">
      <Filter>Header Files\BigDigits</Filter>
    </ClInclude>
    <ClInclude Include="BigDigits\bigdtypes.h">
      <Filter>Header Files\BigDigits</Filter>
    </ClInclude>
    <ClInclude Include="..\zlib-1.2.7\zlib.h">
      <Filter>Header Files\zlib</Filter>
    </ClInclude>
    <ClInclude Include="..\Include\FoundationCompression.h">
      <Filter>Header Files</Filter>
    </ClInclude>
    <ClInclude Include="..\Include\FoundationMarkup.h">
      <Filter>Header Files</Filter>
    </ClInclude>
    <ClInclude Include="..\Include\FoundationIOCompletionPort.h">
      <Filter>Header Files</Filter>
    </ClInclude>
    <ClInclude Include="IOCompletionPortImpl.h">
      <Filter>Header Files</Filter>
    </ClInclude>
    <ClInclude Include="..\Include\FoundationXML.h">
      <Filter>Header Files</Filter>
    </ClInclude>
    <ClInclude Include="VoronoiGenerator.h">
      <Filter>Header Files\Voronoi</Filter>
    </ClInclude>
    <ClInclude Include="..\Include\FoundationMathHexGrid.h">
      <Filter>Header Files</Filter>
    </ClInclude>
    <ClInclude Include="PolygonIntersect.h">
      <Filter>Header Files</Filter>
    </ClInclude>
    <ClInclude Include="..\Include\FoundationMaps.h">
      <Filter>Header Files</Filter>
    </ClInclude>
    <ClInclude Include="..\Include\FoundationHashMaps.h">
      <Filter>Header Files</Filter>
    </ClInclude>
    <ClInclude Include="..\Include\FoundationStreams64.h">
      <Filter>Header Files</Filter>
    </ClInclude>
    <ClInclude Include="..\Include\FoundationCounters.h">
      <Filter>Header Files</Filter>
    </ClInclude>
    <ClInclude Include="..\Include\FoundationDB.h">
      <Filter>Header Files</Filter>
    </ClInclude>
    <ClInclude Include="..\Include\FoundationSmartPtr.h">
      <Filter>Header Files</Filter>
    </ClInclude>
    <ClInclude Include="DBValueObjectImpl.h">
      <Filter>Header Files</Filter>
    </ClInclude>
    <ClInclude Include="..\Include\FoundationParsers.h">
      <Filter>Header Files</Filter>
    </ClInclude>
  </ItemGroup>
</Project>