<?xml version="1.0" encoding="utf-8"?>
<Project ToolsVersion="4.0" xmlns="http://schemas.microsoft.com/developer/msbuild/2003">
  <ItemGroup>
    <Filter Include="Source Files">
      <UniqueIdentifier>{4FC737F1-C7A5-4376-A066-2A32D752A2FF}</UniqueIdentifier>
      <Extensions>cpp;c;cc;cxx;def;odl;idl;hpj;bat;asm;asmx</Extensions>
    </Filter>
    <Filter Include="Header Files">
      <UniqueIdentifier>{93995380-89BD-4b04-88EB-625FBE52EBFB}</UniqueIdentifier>
      <Extensions>h;hpp;hxx;hm;inl;inc;xsd</Extensions>
    </Filter>
    <Filter Include="Resource Files">
      <UniqueIdentifier>{67DA6AB6-F800-4c08-8B7A-83BB121AAD01}</UniqueIdentifier>
      <Extensions>rc;ico;cur;bmp;dlg;rc2;rct;bin;rgs;gif;jpg;jpeg;jpe;resx;tiff;tif;png;wav</Extensions>
    </Filter>
    <Filter Include="Source Files\Type System">
      <UniqueIdentifier>{b9693dcf-b4f2-41ea-8cad-d2fc4a9a6b00}</UniqueIdentifier>
    </Filter>
    <Filter Include="Source Files\TextLines">
      <UniqueIdentifier>{5a97a410-ddb4-47f7-82c2-1f5865825480}</UniqueIdentifier>
    </Filter>
    <Filter Include="Source Files\Operators">
      <UniqueIdentifier>{82b2016d-5cc7-4a8b-8658-6c64cccd14e3}</UniqueIdentifier>
    </Filter>
    <Filter Include="Source Files\Invoke">
      <UniqueIdentifier>{53f595df-f78d-482c-ac3a-13733c0a7be7}</UniqueIdentifier>
    </Filter>
  </ItemGroup>
  <ItemGroup>
    <ClCompile Include="AEONScript.cpp">
      <Filter>Source Files</Filter>
    </ClCompile>
    <ClCompile Include="CAEONFactoryList.cpp">
      <Filter>Source Files</Filter>
    </ClCompile>
    <ClCompile Include="CComplexBinary.cpp">
      <Filter>Source Files</Filter>
    </ClCompile>
    <ClCompile Include="CComplexInteger.cpp">
      <Filter>Source Files</Filter>
    </ClCompile>
    <ClCompile Include="CDatum.cpp">
      <Filter>Source Files</Filter>
    </ClCompile>
    <ClCompile Include="HTTP.cpp">
      <Filter>Source Files</Filter>
    </ClCompile>
    <ClCompile Include="IComplexDatum.cpp">
      <Filter>Source Files</Filter>
    </ClCompile>
    <ClCompile Include="JSON.cpp">
      <Filter>Source Files</Filter>
    </ClCompile>
    <ClCompile Include="CNumberValue.cpp">
      <Filter>Source Files</Filter>
    </ClCompile>
    <ClCompile Include="stdafx.cpp">
      <Filter>Source Files</Filter>
    </ClCompile>
    <ClCompile Include="CAEONVector2D.cpp">
      <Filter>Source Files</Filter>
    </ClCompile>
    <ClCompile Include="CAEONPolygon2D.cpp">
      <Filter>Source Files</Filter>
    </ClCompile>
    <ClCompile Include="CComplexBinaryFile.cpp">
      <Filter>Source Files</Filter>
    </ClCompile>
    <ClCompile Include="CComplexImage32.cpp">
      <Filter>Source Files</Filter>
    </ClCompile>
    <ClCompile Include="CAEONTypeSystem.cpp">
      <Filter>Source Files\Type System</Filter>
    </ClCompile>
    <ClCompile Include="CComplexDatatype.cpp">
      <Filter>Source Files\Type System</Filter>
    </ClCompile>
    <ClCompile Include="CDatatypeList.cpp">
      <Filter>Source Files\Type System</Filter>
    </ClCompile>
    <ClCompile Include="CDatatypeClass.cpp">
      <Filter>Source Files\Type System</Filter>
    </ClCompile>
    <ClCompile Include="CDatatypeSchema.cpp">
      <Filter>Source Files\Type System</Filter>
    </ClCompile>
    <ClCompile Include="CAEONVector.cpp">
      <Filter>Source Files</Filter>
    </ClCompile>
    <ClCompile Include="CAEONTable.cpp">
      <Filter>Source Files</Filter>
    </ClCompile>
    <ClCompile Include="CAEONTimeSpan.cpp">
      <Filter>Source Files</Filter>
    </ClCompile>
    <ClCompile Include="CDatatypeSimple.cpp">
      <Filter>Source Files\Type System</Filter>
    </ClCompile>
    <ClCompile Include="CDatatypeNumber.cpp">
      <Filter>Source Files\Type System</Filter>
    </ClCompile>
    <ClCompile Include="CDatatypeArray.cpp">
      <Filter>Source Files\Type System</Filter>
    </ClCompile>
    <ClCompile Include="IDatatype.cpp">
      <Filter>Source Files\Type System</Filter>
    </ClCompile>
    <ClCompile Include="CAEONTableRef.cpp">
      <Filter>Source Files</Filter>
    </ClCompile>
    <ClCompile Include="IAEONTable.cpp">
      <Filter>Source Files</Filter>
    </ClCompile>
    <ClCompile Include="CComplexArray.cpp">
      <Filter>Source Files</Filter>
    </ClCompile>
    <ClCompile Include="CComplexDateTime.cpp">
      <Filter>Source Files</Filter>
    </ClCompile>
    <ClCompile Include="CComplexStruct.cpp">
      <Filter>Source Files</Filter>
    </ClCompile>
    <ClCompile Include="AEONMath.cpp">
      <Filter>Source Files</Filter>
    </ClCompile>
    <ClCompile Include="CAEONStore.cpp">
      <Filter>Source Files</Filter>
    </ClCompile>
    <ClCompile Include="CDatatypeTensor.cpp">
      <Filter>Source Files\Type System</Filter>
    </ClCompile>
    <ClCompile Include="CAEONTableIndex.cpp">
      <Filter>Source Files</Filter>
    </ClCompile>
    <ClCompile Include="CAEONExpression.cpp">
      <Filter>Source Files</Filter>
    </ClCompile>
    <ClCompile Include="CDatatypeEnum.cpp">
      <Filter>Source Files\Type System</Filter>
    </ClCompile>
    <ClCompile Include="CAEONTypes.cpp">
      <Filter>Source Files\Type System</Filter>
    </ClCompile>
    <ClCompile Include="CAEONLibraryFunction.cpp">
      <Filter>Source Files</Filter>
    </ClCompile>
    <ClCompile Include="CAEONError.cpp">
      <Filter>Source Files</Filter>
    </ClCompile>
    <ClCompile Include="CAEONAnnotated.cpp">
      <Filter>Source Files</Filter>
    </ClCompile>
    <ClCompile Include="CAEONStringImpl.cpp">
      <Filter>Source Files</Filter>
    </ClCompile>
    <ClCompile Include="CAEONNilImpl.cpp">
      <Filter>Source Files</Filter>
    </ClCompile>
    <ClCompile Include="CAEONLines.cpp">
      <Filter>Source Files\TextLines</Filter>
    </ClCompile>
    <ClCompile Include="CAEONTextLinesDiff.cpp">
      <Filter>Source Files\TextLines</Filter>
    </ClCompile>
    <ClCompile Include="CAEONTextLinesSelection.cpp">
      <Filter>Source Files\TextLines</Filter>
    </ClCompile>
    <ClCompile Include="IAEONTextLines.cpp">
      <Filter>Source Files\TextLines</Filter>
    </ClCompile>
    <ClCompile Include="CAEONObject.cpp">
      <Filter>Source Files</Filter>
    </ClCompile>
    <ClCompile Include="CAEONForeign.cpp">
      <Filter>Source Files</Filter>
    </ClCompile>
    <ClCompile Include="CDatatypeString.cpp">
      <Filter>Source Files\Type System</Filter>
    </ClCompile>
    <ClCompile Include="CDatumFormat.cpp">
      <Filter>Source Files</Filter>
    </ClCompile>
    <ClCompile Include="CAEONTableRowRef.cpp">
      <Filter>Source Files</Filter>
    </ClCompile>
    <ClCompile Include="AEONMutations.cpp">
      <Filter>Source Files</Filter>
    </ClCompile>
    <ClCompile Include="CAEONOp.cpp">
      <Filter>Source Files\Operators</Filter>
    </ClCompile>
    <ClCompile Include="COpAdd.cpp">
      <Filter>Source Files\Operators</Filter>
    </ClCompile>
    <ClCompile Include="COpConcatenate.cpp">
      <Filter>Source Files\Operators</Filter>
    </ClCompile>
    <ClCompile Include="COpSubtract.cpp">
      <Filter>Source Files\Operators</Filter>
    </ClCompile>
    <ClCompile Include="COpNegate.cpp">
      <Filter>Source Files\Operators</Filter>
    </ClCompile>
    <ClCompile Include="COpMultiply.cpp">
      <Filter>Source Files\Operators</Filter>
    </ClCompile>
    <ClCompile Include="COpDivide.cpp">
      <Filter>Source Files\Operators</Filter>
    </ClCompile>
    <ClCompile Include="COpMod.cpp">
      <Filter>Source Files\Operators</Filter>
    </ClCompile>
    <ClCompile Include="COpPower.cpp">
      <Filter>Source Files\Operators</Filter>
    </ClCompile>
    <ClCompile Include="CDatatypeFunction.cpp">
      <Filter>Source Files\Type System</Filter>
    </ClCompile>
    <ClCompile Include="Serialize.cpp">
      <Filter>Source Files</Filter>
    </ClCompile>
    <ClCompile Include="CAEONSerializedMap.cpp">
      <Filter>Source Files</Filter>
    </ClCompile>
    <ClCompile Include="CDatatypeAEON.cpp">
      <Filter>Source Files\Type System</Filter>
    </ClCompile>
    <ClCompile Include="CAEONVector3D.cpp">
      <Filter>Source Files</Filter>
    </ClCompile>
    <ClCompile Include="CAEONDictionary.cpp">
      <Filter>Source Files</Filter>
    </ClCompile>
    <ClCompile Include="CDatatypeNullable.cpp">
      <Filter>Source Files\Type System</Filter>
    </ClCompile>
    <ClCompile Include="CDatatypeNull.cpp">
      <Filter>Source Files\Type System</Filter>
    </ClCompile>
    <ClCompile Include="CAEONVectorString.cpp">
      <Filter>Source Files</Filter>
    </ClCompile>
    <ClCompile Include="CDatatypeRange.cpp">
      <Filter>Source Files\Type System</Filter>
    </ClCompile>
    <ClCompile Include="CAEONTensor.cpp">
      <Filter>Source Files</Filter>
    </ClCompile>
    <ClCompile Include="CAEONVectorNumber.cpp">
      <Filter>Source Files</Filter>
    </ClCompile>
    <ClCompile Include="CComplexBinary64.cpp">
      <Filter>Source Files</Filter>
    </ClCompile>
    <ClCompile Include="CDatumTableWrapper.cpp">
      <Filter>Source Files</Filter>
    </ClCompile>
    <ClCompile Include="CAEONRange.cpp">
      <Filter>Source Files</Filter>
    </ClCompile>
    <ClCompile Include="CHexeLocalEnvironment.cpp">
      <Filter>Source Files\Invoke</Filter>
    </ClCompile>
    <ClCompile Include="CHexeLocalEnvPointer.cpp">
      <Filter>Source Files\Invoke</Filter>
    </ClCompile>
    <ClCompile Include="CHexeStackEnv.cpp">
      <Filter>Source Files\Invoke</Filter>
    </ClCompile>
    <ClCompile Include="CDatumInterpret.cpp">
      <Filter>Source Files</Filter>
    </ClCompile>
    <ClCompile Include="CAEONVectorFloat64.cpp">
      <Filter>Source Files</Filter>
    </ClCompile>
    <ClCompile Include="CAEONArrayAlgorithm.cpp">
      <Filter>Source Files</Filter>
    </ClCompile>
    <ClCompile Include="CAEONStringFormat.cpp">
      <Filter>Source Files</Filter>
    </ClCompile>
    <ClCompile Include="COpCompEqual.cpp">
      <Filter>Source Files\Operators</Filter>
    </ClCompile>
    <ClCompile Include="COpCompGreaterThan.cpp">
      <Filter>Source Files\Operators</Filter>
    </ClCompile>
    <ClCompile Include="COpCompGreaterThanOrEqual.cpp">
      <Filter>Source Files\Operators</Filter>
    </ClCompile>
    <ClCompile Include="COpCompIdentical.cpp">
      <Filter>Source Files\Operators</Filter>
    </ClCompile>
    <ClCompile Include="COpCompLessThan.cpp">
      <Filter>Source Files\Operators</Filter>
    </ClCompile>
    <ClCompile Include="COpCompLessThanOrEqual.cpp">
      <Filter>Source Files\Operators</Filter>
    </ClCompile>
    <ClCompile Include="COpCompNotEqual.cpp">
      <Filter>Source Files\Operators</Filter>
    </ClCompile>
    <ClCompile Include="COpCompNotIdenticalTo.cpp">
      <Filter>Source Files\Operators</Filter>
    </ClCompile>
    <ClCompile Include="CAEONMapColumnExpression.cpp">
      <Filter>Source Files</Filter>
    </ClCompile>
    <ClCompile Include="CAEONTableGroupDefinition.cpp">
      <Filter>Source Files</Filter>
    </ClCompile>
    <ClCompile Include="CAEONRowRefImpl.cpp">
      <Filter>Source Files</Filter>
    </ClCompile>
    <ClCompile Include="CDatumStringTable.cpp">
      <Filter>Source Files</Filter>
    </ClCompile>
    <ClCompile Include="CAEONExpressionParse.cpp">
      <Filter>Source Files</Filter>
    </ClCompile>
    <ClCompile Include="CGridLangParser.cpp">
      <Filter>Source Files</Filter>
    </ClCompile>
    <ClCompile Include="GridLang.cpp">
      <Filter>Source Files</Filter>
    </ClCompile>
  </ItemGroup>
  <ItemGroup>
    <ClInclude Include="..\Include\AEON.h">
      <Filter>Header Files</Filter>
    </ClInclude>
    <ClInclude Include="..\Include\AEONAllocator.h">
      <Filter>Header Files</Filter>
    </ClInclude>
    <ClInclude Include="stdafx.h">
      <Filter>Header Files</Filter>
    </ClInclude>
    <ClInclude Include="..\Include\AEONVector.h">
      <Filter>Header Files</Filter>
    </ClInclude>
    <ClInclude Include="AEONImpl.h">
      <Filter>Header Files</Filter>
    </ClInclude>
    <ClInclude Include="DatatypeImpl.h">
      <Filter>Header Files</Filter>
    </ClInclude>
    <ClInclude Include="..\Include\AEONUtil.h">
      <Filter>Header Files</Filter>
    </ClInclude>
    <ClInclude Include="TAEONVector.h">
      <Filter>Header Files</Filter>
    </ClInclude>
    <ClInclude Include="..\Include\AEONTypeSystem.h">
      <Filter>Header Files</Filter>
    </ClInclude>
    <ClInclude Include="..\Include\AEONInterfaces.h">
      <Filter>Header Files</Filter>
    </ClInclude>
    <ClInclude Include="..\Include\AEONExpression.h">
      <Filter>Header Files</Filter>
    </ClInclude>
    <ClInclude Include="AEONTable.h">
      <Filter>Header Files</Filter>
    </ClInclude>
    <ClInclude Include="AEONLines.h">
      <Filter>Header Files</Filter>
    </ClInclude>
    <ClInclude Include="..\Include\AEONOperators.h">
      <Filter>Header Files</Filter>
    </ClInclude>
    <ClInclude Include="OpsImpl.h">
      <Filter>Header Files</Filter>
    </ClInclude>
    <ClInclude Include="..\Include\AEONArrayImpl.h">
      <Filter>Header Files</Filter>
    </ClInclude>
    <ClInclude Include="..\Include\AEONInvoke.h">
      <Filter>Header Files</Filter>
    </ClInclude>
    <ClInclude Include="..\Include\AEONAlgorithms.h">
      <Filter>Header Files</Filter>
    </ClInclude>
    <ClInclude Include="..\Include\AEONInlines.h">
      <Filter>Header Files</Filter>
    </ClInclude>
    <ClInclude Include="..\Include\GridLangParser.h">
      <Filter>Header Files</Filter>
    </ClInclude>
  </ItemGroup>
  <ItemGroup>
    <None Include="Notes.txt" />
  </ItemGroup>
</Project>