<?xml version="1.0" encoding="utf-8"?>
<Project ToolsVersion="4.0" xmlns="http://schemas.microsoft.com/developer/msbuild/2003">
  <ItemGroup>
    <Filter Include="Source Files">
      <UniqueIdentifier>{4FC737F1-C7A5-4376-A066-2A32D752A2FF}</UniqueIdentifier>
      <Extensions>cpp;c;cc;cxx;def;odl;idl;hpj;bat;asm;asmx</Extensions>
    </Filter>
    <Filter Include="Source Files\HTTP">
      <UniqueIdentifier>{86661a3a-6742-42b9-9922-ccea9c93c3e1}</UniqueIdentifier>
    </Filter>
    <Filter Include="Source Files\AI1">
      <UniqueIdentifier>{c58829e8-105a-4bc1-96e9-8c51baed370e}</UniqueIdentifier>
    </Filter>
    <Filter Include="Source Files\HexeMarkup">
      <UniqueIdentifier>{9bbf4ca0-fb19-4967-953d-9932a86aa23d}</UniqueIdentifier>
    </Filter>
    <Filter Include="Header Files">
      <UniqueIdentifier>{93995380-89BD-4b04-88EB-625FBE52EBFB}</UniqueIdentifier>
      <Extensions>h;hpp;hxx;hm;inl;inc;xsd</Extensions>
    </Filter>
    <Filter Include="Resource Files">
      <UniqueIdentifier>{67DA6AB6-F800-4c08-8B7A-83BB121AAD01}</UniqueIdentifier>
      <Extensions>rc;ico;cur;bmp;dlg;rc2;rct;bin;rgs;gif;jpg;jpeg;jpe;resx;tiff;tif;png;wav</Extensions>
    </Filter>
    <Filter Include="Source Files\Session Library">
      <UniqueIdentifier>{fdcb0529-5008-4794-a6b9-632fc40948f3}</UniqueIdentifier>
    </Filter>
  </ItemGroup>
  <ItemGroup>
    <ClCompile Include="CHyperionCommandSet.cpp">
      <Filter>Source Files</Filter>
    </ClCompile>
    <ClCompile Include="CHyperionEngine.cpp">
      <Filter>Source Files</Filter>
    </ClCompile>
    <ClCompile Include="CHyperionPackageList.cpp">
      <Filter>Source Files</Filter>
    </ClCompile>
    <ClCompile Include="CHyperionSession.cpp">
      <Filter>Source Files</Filter>
    </ClCompile>
    <ClCompile Include="CUserInfo.cpp">
      <Filter>Source Files</Filter>
    </ClCompile>
    <ClCompile Include="HyperionStartup.cpp">
      <Filter>Source Files</Filter>
    </ClCompile>
    <ClCompile Include="IHyperionService.cpp">
      <Filter>Source Files</Filter>
    </ClCompile>
    <ClCompile Include="Listeners.cpp">
      <Filter>Source Files</Filter>
    </ClCompile>
    <ClCompile Include="stdafx.cpp">
      <Filter>Source Files</Filter>
    </ClCompile>
    <ClCompile Include="CHexeCodeRPCService.cpp">
      <Filter>Source Files\HTTP</Filter>
    </ClCompile>
    <ClCompile Include="CHTTPService.cpp">
      <Filter>Source Files\HTTP</Filter>
    </ClCompile>
    <ClCompile Include="CHTTPSession.cpp">
      <Filter>Source Files\HTTP</Filter>
    </ClCompile>
    <ClCompile Include="CWWWService.cpp">
      <Filter>Source Files\HTTP</Filter>
    </ClCompile>
    <ClCompile Include="CAI1Service.cpp">
      <Filter>Source Files\AI1</Filter>
    </ClCompile>
    <ClCompile Include="CAI1Session.cpp">
      <Filter>Source Files\AI1</Filter>
    </ClCompile>
    <ClCompile Include="CHexeMarkupEvaluator.cpp">
      <Filter>Source Files\HexeMarkup</Filter>
    </ClCompile>
    <ClCompile Include="CHexeMarkupParser.cpp">
      <Filter>Source Files\HexeMarkup</Filter>
    </ClCompile>
    <ClCompile Include="MsgServiceMsg.cpp">
      <Filter>Source Files</Filter>
    </ClCompile>
    <ClCompile Include="CHexarcMsgService.cpp">
      <Filter>Source Files</Filter>
    </ClCompile>
    <ClCompile Include="CHTTPProxyService.cpp">
      <Filter>Source Files\HTTP</Filter>
    </ClCompile>
    <ClCompile Include="CHyperionScheduler.cpp">
      <Filter>Source Files</Filter>
    </ClCompile>
    <ClCompile Include="MsgRunTask.cpp">
      <Filter>Source Files</Filter>
    </ClCompile>
    <ClCompile Include="SessionLib.cpp">
      <Filter>Source Files\Session Library</Filter>
    </ClCompile>
    <ClCompile Include="MsgResizeImage.cpp">
      <Filter>Source Files</Filter>
    </ClCompile>
    <ClCompile Include="CHyperionCache.cpp">
      <Filter>Source Files</Filter>
    </ClCompile>
    <ClCompile Include="CHyperionOptions.cpp">
      <Filter>Source Files</Filter>
    </ClCompile>
    <ClCompile Include="MsgFileDownload.cpp">
      <Filter>Source Files</Filter>
    </ClCompile>
    <ClCompile Include="CServicePermissions.cpp">
      <Filter>Source Files</Filter>
    </ClCompile>
  </ItemGroup>
  <ItemGroup>
    <ClInclude Include="HexeMarkup.h">
      <Filter>Header Files</Filter>
    </ClInclude>
    <ClInclude Include="..\Include\Hyperion.h">
      <Filter>Header Files</Filter>
    </ClInclude>
    <ClInclude Include="HyperionServiceImpl.h">
      <Filter>Header Files</Filter>
    </ClInclude>
    <ClInclude Include="stdafx.h">
      <Filter>Header Files</Filter>
    </ClInclude>
  </ItemGroup>
  <ItemGroup>
    <None Include="ReadMe.txt" />
  </ItemGroup>
</Project>