<?xml version="1.0" encoding="utf-8"?>
<Project ToolsVersion="4.0" xmlns="http://schemas.microsoft.com/developer/msbuild/2003">
  <ItemGroup>
    <Filter Include="Source Files">
      <UniqueIdentifier>{4FC737F1-C7A5-4376-A066-2A32D752A2FF}</UniqueIdentifier>
      <Extensions>cpp;c;cc;cxx;def;odl;idl;hpj;bat;asm;asmx</Extensions>
    </Filter>
    <Filter Include="Header Files">
      <UniqueIdentifier>{93995380-89BD-4b04-88EB-625FBE52EBFB}</UniqueIdentifier>
      <Extensions>h;hpp;hxx;hm;inl;inc;xsd</Extensions>
    </Filter>
    <Filter Include="Resource Files">
      <UniqueIdentifier>{67DA6AB6-F800-4c08-8B7A-83BB121AAD01}</UniqueIdentifier>
      <Extensions>rc;ico;cur;bmp;dlg;rc2;rct;bin;rgs;gif;jpg;jpeg;jpe;resx;tiff;tif;png;wav</Extensions>
    </Filter>
    <Filter Include="Source Files\Core Library">
      <UniqueIdentifier>{24d6f66c-0fdd-4c90-902a-88bdeb35fe92}</UniqueIdentifier>
    </Filter>
  </ItemGroup>
  <ItemGroup>
    <ClCompile Include="CHexeCallStack.cpp">
      <Filter>Source Files</Filter>
    </ClCompile>
    <ClCompile Include="CHexeCode.cpp">
      <Filter>Source Files</Filter>
    </ClCompile>
    <ClCompile Include="CHexeCodeIntermediate.cpp">
      <Filter>Source Files</Filter>
    </ClCompile>
    <ClCompile Include="CHexeDocument.cpp">
      <Filter>Source Files</Filter>
    </ClCompile>
    <ClCompile Include="CHexeFunction.cpp">
      <Filter>Source Files</Filter>
    </ClCompile>
    <ClCompile Include="CHexeGlobalEnvironment.cpp">
      <Filter>Source Files</Filter>
    </ClCompile>
    <ClCompile Include="CHexeLibrarian.cpp">
      <Filter>Source Files</Filter>
    </ClCompile>
    <ClCompile Include="CHexeLibraryFunction.cpp">
      <Filter>Source Files</Filter>
    </ClCompile>
    <ClCompile Include="CHexePrimitive.cpp">
      <Filter>Source Files</Filter>
    </ClCompile>
    <ClCompile Include="CHexeProcess.cpp">
      <Filter>Source Files</Filter>
    </ClCompile>
    <ClCompile Include="CHexeSecurityCtx.cpp">
      <Filter>Source Files</Filter>
    </ClCompile>
    <ClCompile Include="CHexeStack.cpp">
      <Filter>Source Files</Filter>
    </ClCompile>
    <ClCompile Include="CLambdaParseExtension.cpp">
      <Filter>Source Files</Filter>
    </ClCompile>
    <ClCompile Include="CLispCompiler.cpp">
      <Filter>Source Files</Filter>
    </ClCompile>
    <ClCompile Include="CLispParser.cpp">
      <Filter>Source Files</Filter>
    </ClCompile>
    <ClCompile Include="Compute.cpp">
      <Filter>Source Files</Filter>
    </ClCompile>
    <ClCompile Include="COpCodeDatabase.cpp">
      <Filter>Source Files</Filter>
    </ClCompile>
    <ClCompile Include="stdafx.cpp">
      <Filter>Source Files</Filter>
    </ClCompile>
    <ClCompile Include="CHexeTextMarkup.cpp">
      <Filter>Source Files</Filter>
    </ClCompile>
    <ClCompile Include="CHexeTextFunctionProcessor.cpp">
      <Filter>Source Files</Filter>
    </ClCompile>
    <ClCompile Include="CSortFunctionProcessor.cpp">
      <Filter>Source Files</Filter>
    </ClCompile>
    <ClCompile Include="CoreLib.cpp">
      <Filter>Source Files\Core Library</Filter>
    </ClCompile>
    <ClCompile Include="HexarcMsg.cpp">
      <Filter>Source Files\Core Library</Filter>
    </ClCompile>
    <ClCompile Include="CoreLibVector.cpp">
      <Filter>Source Files\Core Library</Filter>
    </ClCompile>
    <ClCompile Include="CHexeConsole.cpp">
      <Filter>Source Files</Filter>
    </ClCompile>
    <ClCompile Include="CHexeEnvStack.cpp">
      <Filter>Source Files</Filter>
    </ClCompile>
    <ClCompile Include="IHexeVMHost.cpp">
      <Filter>Source Files</Filter>
    </ClCompile>
    <ClCompile Include="CArrayMapProcessor.cpp">
      <Filter>Source Files\Core Library</Filter>
    </ClCompile>
    <ClCompile Include="CTableMapProcessor.cpp">
      <Filter>Source Files\Core Library</Filter>
    </ClCompile>
    <ClCompile Include="CHexeProgram.cpp">
      <Filter>Source Files</Filter>
    </ClCompile>
    <ClCompile Include="CDictionaryMapProcessor.cpp">
      <Filter>Source Files\Core Library</Filter>
    </ClCompile>
    <ClCompile Include="CHexeCodeHistogram.cpp">
      <Filter>Source Files</Filter>
    </ClCompile>
    <ClCompile Include="CTensorMapProcessor.cpp">
      <Filter>Source Files\Core Library</Filter>
    </ClCompile>
    <ClCompile Include="CHexeGlobalEnvCache.cpp">
      <Filter>Source Files</Filter>
    </ClCompile>
    <ClCompile Include="CHexeColumnExpressionEval.cpp">
      <Filter>Source Files</Filter>
    </ClCompile>
    <ClCompile Include="CHexeMapColumnExpressionEval.cpp">
      <Filter>Source Files</Filter>
    </ClCompile>
    <ClCompile Include="CHexeTableGroupEval.cpp">
      <Filter>Source Files</Filter>
    </ClCompile>
    <ClCompile Include="CHexeExpressionEval.cpp">
      <Filter>Source Files</Filter>
    </ClCompile>
    <ClCompile Include="CHexeTableExpressionEval.cpp">
      <Filter>Source Files</Filter>
    </ClCompile>
  </ItemGroup>
  <ItemGroup>
    <ClInclude Include="..\Include\Hexe.h">
      <Filter>Header Files</Filter>
    </ClInclude>
    <ClInclude Include="HexeImpl.h">
      <Filter>Header Files</Filter>
    </ClInclude>
    <ClInclude Include="..\Include\HexeProcessImpl.h">
      <Filter>Header Files</Filter>
    </ClInclude>
    <ClInclude Include="stdafx.h">
      <Filter>Header Files</Filter>
    </ClInclude>
    <ClInclude Include="HexeTextImpl.h">
      <Filter>Header Files</Filter>
    </ClInclude>
    <ClInclude Include="SortImpl.h">
      <Filter>Header Files</Filter>
    </ClInclude>
    <ClInclude Include="..\Include\HexeConsole.h">
      <Filter>Header Files</Filter>
    </ClInclude>
    <ClInclude Include="..\Include\HexeVM.h">
      <Filter>Header Files</Filter>
    </ClInclude>
    <ClInclude Include="TypeImpl.h">
      <Filter>Header Files</Filter>
    </ClInclude>
    <ClInclude Include="HexeProcessors.h">
      <Filter>Header Files</Filter>
    </ClInclude>
    <ClInclude Include="..\Include\HexeDocument.h">
      <Filter>Header Files</Filter>
    </ClInclude>
    <ClInclude Include="..\Include\HexeLibrarian.h">
      <Filter>Header Files</Filter>
    </ClInclude>
  </ItemGroup>
  <ItemGroup>
    <None Include="Notes.txt" />
  </ItemGroup>
</Project>