<?xml version="1.0" encoding="utf-8"?>
<Project ToolsVersion="4.0" xmlns="http://schemas.microsoft.com/developer/msbuild/2003">
  <ItemGroup>
    <Filter Include="Source Files">
      <UniqueIdentifier>{4FC737F1-C7A5-4376-A066-2A32D752A2FF}</UniqueIdentifier>
      <Extensions>cpp;c;cc;cxx;c++;cppm;ixx;def;odl;idl;hpj;bat;asm;asmx</Extensions>
    </Filter>
    <Filter Include="Header Files">
      <UniqueIdentifier>{93995380-89BD-4b04-88EB-625FBE52EBFB}</UniqueIdentifier>
      <Extensions>h;hh;hpp;hxx;h++;hm;inl;inc;ipp;xsd</Extensions>
    </Filter>
    <Filter Include="Resource Files">
      <UniqueIdentifier>{67DA6AB6-F800-4c08-8B7A-83BB121AAD01}</UniqueIdentifier>
      <Extensions>rc;ico;cur;bmp;dlg;rc2;rct;bin;rgs;gif;jpg;jpeg;jpe;resx;tiff;tif;png;wav;mfcribbon-ms</Extensions>
    </Filter>
  </ItemGroup>
  <ItemGroup>
    <ClInclude Include="pch.h">
      <Filter>Header Files</Filter>
    </ClInclude>
    <ClInclude Include="..\Include\GridLang.h">
      <Filter>Header Files</Filter>
    </ClInclude>
    <ClInclude Include="..\Include\GridLangTypes.h">
      <Filter>Header Files</Filter>
    </ClInclude>
    <ClInclude Include="GLTypesImpl.h">
      <Filter>Header Files</Filter>
    </ClInclude>
    <ClInclude Include="GLASTImpl.h">
      <Filter>Header Files</Filter>
    </ClInclude>
    <ClInclude Include="..\Include\GridLangAST.h">
      <Filter>Header Files</Filter>
    </ClInclude>
    <ClInclude Include="..\Include\GridLangParser.h">
      <Filter>Header Files</Filter>
    </ClInclude>
    <ClInclude Include="..\Include\GridLangVMCompiler.h">
      <Filter>Header Files</Filter>
    </ClInclude>
    <ClInclude Include="GLDefaultEnv.h">
      <Filter>Header Files</Filter>
    </ClInclude>
  </ItemGroup>
  <ItemGroup>
    <ClCompile Include="pch.cpp">
      <Filter>Source Files</Filter>
    </ClCompile>
    <ClCompile Include="CGridLangProgram.cpp">
      <Filter>Source Files</Filter>
    </ClCompile>
    <ClCompile Include="CGridLangAST.cpp">
      <Filter>Source Files</Filter>
    </ClCompile>
    <ClCompile Include="CGridLangParser.cpp">
      <Filter>Source Files</Filter>
    </ClCompile>
    <ClCompile Include="CASTArgDef.cpp">
      <Filter>Source Files</Filter>
    </ClCompile>
    <ClCompile Include="CASTBinaryOp.cpp">
      <Filter>Source Files</Filter>
    </ClCompile>
    <ClCompile Include="CASTClassDef.cpp">
      <Filter>Source Files</Filter>
    </ClCompile>
    <ClCompile Include="CASTFunctionCall.cpp">
      <Filter>Source Files</Filter>
    </ClCompile>
    <ClCompile Include="CASTFunctionDef.cpp">
      <Filter>Source Files</Filter>
    </ClCompile>
    <ClCompile Include="CASTLiteralFloat.cpp">
      <Filter>Source Files</Filter>
    </ClCompile>
    <ClCompile Include="CASTLiteralIdentifier.cpp">
      <Filter>Source Files</Filter>
    </ClCompile>
    <ClCompile Include="CASTLiteralInteger.cpp">
      <Filter>Source Files</Filter>
    </ClCompile>
    <ClCompile Include="CASTLiteralString.cpp">
      <Filter>Source Files</Filter>
    </ClCompile>
    <ClCompile Include="CASTOrdinalDef.cpp">
      <Filter>Source Files</Filter>
    </ClCompile>
    <ClCompile Include="CASTSequence.cpp">
      <Filter>Source Files</Filter>
    </ClCompile>
    <ClCompile Include="CASTTypeRef.cpp">
      <Filter>Source Files</Filter>
    </ClCompile>
    <ClCompile Include="CASTUnaryOp.cpp">
      <Filter>Source Files</Filter>
    </ClCompile>
    <ClCompile Include="CASTVarDef.cpp">
      <Filter>Source Files</Filter>
    </ClCompile>
    <ClCompile Include="CASTVarRef.cpp">
      <Filter>Source Files</Filter>
    </ClCompile>
    <ClCompile Include="CASTIf.cpp">
      <Filter>Source Files</Filter>
    </ClCompile>
    <ClCompile Include="CGLTypeNamespace.cpp">
      <Filter>Source Files</Filter>
    </ClCompile>
    <ClCompile Include="CGLTypeSystem.cpp">
      <Filter>Source Files</Filter>
    </ClCompile>
    <ClCompile Include="IGLType.cpp">
      <Filter>Source Files</Filter>
    </ClCompile>
    <ClCompile Include="CGLNumberType.cpp">
      <Filter>Source Files</Filter>
    </ClCompile>
    <ClCompile Include="CGLNamespaceCtx.cpp">
      <Filter>Source Files</Filter>
    </ClCompile>
    <ClCompile Include="IASTNode.cpp">
      <Filter>Source Files</Filter>
    </ClCompile>
    <ClCompile Include="CGLPropertyType.cpp">
      <Filter>Source Files</Filter>
    </ClCompile>
    <ClCompile Include="CGLTypeTree.cpp">
      <Filter>Source Files</Filter>
    </ClCompile>
    <ClCompile Include="CGLObjectType.cpp">
      <Filter>Source Files</Filter>
    </ClCompile>
    <ClCompile Include="CGridLangProcess.cpp">
      <Filter>Source Files</Filter>
    </ClCompile>
    <ClCompile Include="CGridLangVMCompiler.cpp">
      <Filter>Source Files</Filter>
    </ClCompile>
    <ClCompile Include="CGridLangCodeBank.cpp">
      <Filter>Source Files</Filter>
    </ClCompile>
    <ClCompile Include="CGridLangCoreLibrary.cpp">
      <Filter>Source Files</Filter>
    </ClCompile>
    <ClCompile Include="CGLFunctionType.cpp">
      <Filter>Source Files</Filter>
    </ClCompile>
    <ClCompile Include="CGLDefaultEnvironment.cpp">
      <Filter>Source Files</Filter>
    </ClCompile>
    <ClCompile Include="IGridLangEnvironment.cpp">
      <Filter>Source Files</Filter>
    </ClCompile>
  </ItemGroup>
</Project>