Microsoft Visual Studio Solution File, Format Version 12.00
# Visual Studio 15
Project("{8BC9CEB8-8B4A-11D0-8D11-00A0C91BC942}") = "ALL_BUILD", "ALL_BUILD.vcxproj", "{791D87DF-EB0D-3C5E-9016-32BEBED6DF10}"
	ProjectSection(ProjectDependencies) = postProject
		{7229C585-E5BE-34D6-952E-111C9AEC523B} = {7229C585-E5BE-34D6-952E-111C9AEC523B}
		{0A671FE9-56A2-3914-9D2F-1229A4E429B2} = {0A671FE9-56A2-3914-9D2F-1229A4E429B2}
		{703B014B-B36B-3686-BC71-82C6B12DD35B} = {703B014B-B36B-3686-BC71-82C6B12DD35B}
		{9EB76A71-A202-3746-BCBF-55EC3E481B19} = {9EB76A71-A202-3746-BCBF-55EC3E481B19}
		{92E7D763-AAF7-32B6-A495-5ADC3043716F} = {92E7D763-AAF7-32B6-A495-5ADC3043716F}
		{1190B17F-C438-30A2-A9B6-9226DD49E520} = {1190B17F-C438-30A2-A9B6-9226DD49E520}
		{97FE9D3D-85AF-306A-A2A7-D243A2DD798D} = {97FE9D3D-85AF-306A-A2A7-D243A2DD798D}
		{DD428DD9-217B-3307-BB33-9F4EF70CE6C4} = {DD428DD9-217B-3307-BB33-9F4EF70CE6C4}
		{44A1977F-BD6F-30E6-A547-125687313D3B} = {44A1977F-BD6F-30E6-A547-125687313D3B}
		{35418197-C6B4-3D95-B12B-CB5B3E7DDA46} = {35418197-C6B4-3D95-B12B-CB5B3E7DDA46}
		{E516568F-D793-3D88-A558-039EF2D915B2} = {E516568F-D793-3D88-A558-039EF2D915B2}
		{11A1A3EA-4B87-3924-9060-B186961E1FB1} = {11A1A3EA-4B87-3924-9060-B186961E1FB1}
		{0D8BAD95-0887-3F1C-A026-826295338611} = {0D8BAD95-0887-3F1C-A026-826295338611}
		{4EC4E8EB-7C69-3261-B278-C8ABA3068576} = {4EC4E8EB-7C69-3261-B278-C8ABA3068576}
		{33F49B27-5753-3ED8-91CB-DAFD9B670849} = {33F49B27-5753-3ED8-91CB-DAFD9B670849}
		{B300FAEB-183B-3732-9EA2-CC4BF71F2118} = {B300FAEB-183B-3732-9EA2-CC4BF71F2118}
		{7EF00A98-5717-3762-9CD5-7D2B82DEEDE0} = {7EF00A98-5717-3762-9CD5-7D2B82DEEDE0}
		{164B4F60-A5DC-3147-9C25-39B7AC037E3C} = {164B4F60-A5DC-3147-9C25-39B7AC037E3C}
		{244C05B5-B103-3E9F-970D-98547DA2211A} = {244C05B5-B103-3E9F-970D-98547DA2211A}
	EndProjectSection
EndProject
Project("{8BC9CEB8-8B4A-11D0-8D11-00A0C91BC942}") = "INSTALL", "INSTALL.vcxproj", "{83CD25DF-53E7-3339-9E26-E5CD6E1F0ADF}"
	ProjectSection(ProjectDependencies) = postProject
		{791D87DF-EB0D-3C5E-9016-32BEBED6DF10} = {791D87DF-EB0D-3C5E-9016-32BEBED6DF10}
		{7229C585-E5BE-34D6-952E-111C9AEC523B} = {7229C585-E5BE-34D6-952E-111C9AEC523B}
	EndProjectSection
EndProject
Project("{8BC9CEB8-8B4A-11D0-8D11-00A0C91BC942}") = "RUN_TESTS", "RUN_TESTS.vcxproj", "{0DE9D6CA-A90B-3142-BCA8-C07C67865F8E}"
	ProjectSection(ProjectDependencies) = postProject
		{7229C585-E5BE-34D6-952E-111C9AEC523B} = {7229C585-E5BE-34D6-952E-111C9AEC523B}
	EndProjectSection
EndProject
Project("{8BC9CEB8-8B4A-11D0-8D11-00A0C91BC942}") = "ZERO_CHECK", "ZERO_CHECK.vcxproj", "{7229C585-E5BE-34D6-952E-111C9AEC523B}"
	ProjectSection(ProjectDependencies) = postProject
	EndProjectSection
EndProject
Project("{8BC9CEB8-8B4A-11D0-8D11-00A0C91BC942}") = "cjpeg", "sharedlib\cjpeg.vcxproj", "{0A671FE9-56A2-3914-9D2F-1229A4E429B2}"
	ProjectSection(ProjectDependencies) = postProject
		{7229C585-E5BE-34D6-952E-111C9AEC523B} = {7229C585-E5BE-34D6-952E-111C9AEC523B}
		{97FE9D3D-85AF-306A-A2A7-D243A2DD798D} = {97FE9D3D-85AF-306A-A2A7-D243A2DD798D}
	EndProjectSection
EndProject
Project("{8BC9CEB8-8B4A-11D0-8D11-00A0C91BC942}") = "cjpeg-static", "cjpeg-static.vcxproj", "{703B014B-B36B-3686-BC71-82C6B12DD35B}"
	ProjectSection(ProjectDependencies) = postProject
		{7229C585-E5BE-34D6-952E-111C9AEC523B} = {7229C585-E5BE-34D6-952E-111C9AEC523B}
		{DD428DD9-217B-3307-BB33-9F4EF70CE6C4} = {DD428DD9-217B-3307-BB33-9F4EF70CE6C4}
	EndProjectSection
EndProject
Project("{8BC9CEB8-8B4A-11D0-8D11-00A0C91BC942}") = "djpeg", "sharedlib\djpeg.vcxproj", "{9EB76A71-A202-3746-BCBF-55EC3E481B19}"
	ProjectSection(ProjectDependencies) = postProject
		{7229C585-E5BE-34D6-952E-111C9AEC523B} = {7229C585-E5BE-34D6-952E-111C9AEC523B}
		{97FE9D3D-85AF-306A-A2A7-D243A2DD798D} = {97FE9D3D-85AF-306A-A2A7-D243A2DD798D}
	EndProjectSection
EndProject
Project("{8BC9CEB8-8B4A-11D0-8D11-00A0C91BC942}") = "djpeg-static", "djpeg-static.vcxproj", "{92E7D763-AAF7-32B6-A495-5ADC3043716F}"
	ProjectSection(ProjectDependencies) = postProject
		{7229C585-E5BE-34D6-952E-111C9AEC523B} = {7229C585-E5BE-34D6-952E-111C9AEC523B}
		{DD428DD9-217B-3307-BB33-9F4EF70CE6C4} = {DD428DD9-217B-3307-BB33-9F4EF70CE6C4}
	EndProjectSection
EndProject
Project("{8BC9CEB8-8B4A-11D0-8D11-00A0C91BC942}") = "installer", "installer.vcxproj", "{0692A267-B963-3194-867F-635D30AC1616}"
	ProjectSection(ProjectDependencies) = postProject
		{7229C585-E5BE-34D6-952E-111C9AEC523B} = {7229C585-E5BE-34D6-952E-111C9AEC523B}
		{0A671FE9-56A2-3914-9D2F-1229A4E429B2} = {0A671FE9-56A2-3914-9D2F-1229A4E429B2}
		{9EB76A71-A202-3746-BCBF-55EC3E481B19} = {9EB76A71-A202-3746-BCBF-55EC3E481B19}
		{97FE9D3D-85AF-306A-A2A7-D243A2DD798D} = {97FE9D3D-85AF-306A-A2A7-D243A2DD798D}
		{DD428DD9-217B-3307-BB33-9F4EF70CE6C4} = {DD428DD9-217B-3307-BB33-9F4EF70CE6C4}
		{44A1977F-BD6F-30E6-A547-125687313D3B} = {44A1977F-BD6F-30E6-A547-125687313D3B}
		{11A1A3EA-4B87-3924-9060-B186961E1FB1} = {11A1A3EA-4B87-3924-9060-B186961E1FB1}
		{0D8BAD95-0887-3F1C-A026-826295338611} = {0D8BAD95-0887-3F1C-A026-826295338611}
		{7EF00A98-5717-3762-9CD5-7D2B82DEEDE0} = {7EF00A98-5717-3762-9CD5-7D2B82DEEDE0}
		{164B4F60-A5DC-3147-9C25-39B7AC037E3C} = {164B4F60-A5DC-3147-9C25-39B7AC037E3C}
		{244C05B5-B103-3E9F-970D-98547DA2211A} = {244C05B5-B103-3E9F-970D-98547DA2211A}
	EndProjectSection
EndProject
Project("{8BC9CEB8-8B4A-11D0-8D11-00A0C91BC942}") = "jcstest", "sharedlib\jcstest.vcxproj", "{1190B17F-C438-30A2-A9B6-9226DD49E520}"
	ProjectSection(ProjectDependencies) = postProject
		{7229C585-E5BE-34D6-952E-111C9AEC523B} = {7229C585-E5BE-34D6-952E-111C9AEC523B}
		{97FE9D3D-85AF-306A-A2A7-D243A2DD798D} = {97FE9D3D-85AF-306A-A2A7-D243A2DD798D}
	EndProjectSection
EndProject
Project("{8BC9CEB8-8B4A-11D0-8D11-00A0C91BC942}") = "jpeg", "sharedlib\jpeg.vcxproj", "{97FE9D3D-85AF-306A-A2A7-D243A2DD798D}"
	ProjectSection(ProjectDependencies) = postProject
		{7229C585-E5BE-34D6-952E-111C9AEC523B} = {7229C585-E5BE-34D6-952E-111C9AEC523B}
		{CFDCC22C-3B14-389C-8764-432C02AC24E7} = {CFDCC22C-3B14-389C-8764-432C02AC24E7}
	EndProjectSection
EndProject
Project("{8BC9CEB8-8B4A-11D0-8D11-00A0C91BC942}") = "jpeg-static", "jpeg-static.vcxproj", "{DD428DD9-217B-3307-BB33-9F4EF70CE6C4}"
	ProjectSection(ProjectDependencies) = postProject
		{7229C585-E5BE-34D6-952E-111C9AEC523B} = {7229C585-E5BE-34D6-952E-111C9AEC523B}
		{CFDCC22C-3B14-389C-8764-432C02AC24E7} = {CFDCC22C-3B14-389C-8764-432C02AC24E7}
	EndProjectSection
EndProject
Project("{8BC9CEB8-8B4A-11D0-8D11-00A0C91BC942}") = "jpegtran", "sharedlib\jpegtran.vcxproj", "{44A1977F-BD6F-30E6-A547-125687313D3B}"
	ProjectSection(ProjectDependencies) = postProject
		{7229C585-E5BE-34D6-952E-111C9AEC523B} = {7229C585-E5BE-34D6-952E-111C9AEC523B}
		{97FE9D3D-85AF-306A-A2A7-D243A2DD798D} = {97FE9D3D-85AF-306A-A2A7-D243A2DD798D}
	EndProjectSection
EndProject
Project("{8BC9CEB8-8B4A-11D0-8D11-00A0C91BC942}") = "jpegtran-static", "jpegtran-static.vcxproj", "{35418197-C6B4-3D95-B12B-CB5B3E7DDA46}"
	ProjectSection(ProjectDependencies) = postProject
		{7229C585-E5BE-34D6-952E-111C9AEC523B} = {7229C585-E5BE-34D6-952E-111C9AEC523B}
		{DD428DD9-217B-3307-BB33-9F4EF70CE6C4} = {DD428DD9-217B-3307-BB33-9F4EF70CE6C4}
	EndProjectSection
EndProject
Project("{8BC9CEB8-8B4A-11D0-8D11-00A0C91BC942}") = "md5cmp", "md5\md5cmp.vcxproj", "{E516568F-D793-3D88-A558-039EF2D915B2}"
	ProjectSection(ProjectDependencies) = postProject
		{7229C585-E5BE-34D6-952E-111C9AEC523B} = {7229C585-E5BE-34D6-952E-111C9AEC523B}
	EndProjectSection
EndProject
Project("{8BC9CEB8-8B4A-11D0-8D11-00A0C91BC942}") = "rdjpgcom", "rdjpgcom.vcxproj", "{11A1A3EA-4B87-3924-9060-B186961E1FB1}"
	ProjectSection(ProjectDependencies) = postProject
		{7229C585-E5BE-34D6-952E-111C9AEC523B} = {7229C585-E5BE-34D6-952E-111C9AEC523B}
	EndProjectSection
EndProject
Project("{8BC9CEB8-8B4A-11D0-8D11-00A0C91BC942}") = "simd", "simd\simd.vcxproj", "{CFDCC22C-3B14-389C-8764-432C02AC24E7}"
	ProjectSection(ProjectDependencies) = postProject
		{7229C585-E5BE-34D6-952E-111C9AEC523B} = {7229C585-E5BE-34D6-952E-111C9AEC523B}
	EndProjectSection
EndProject
Project("{8BC9CEB8-8B4A-11D0-8D11-00A0C91BC942}") = "testclean", "testclean.vcxproj", "{6829BC5B-BC9D-337D-9E5E-14640EBE4E7F}"
	ProjectSection(ProjectDependencies) = postProject
		{7229C585-E5BE-34D6-952E-111C9AEC523B} = {7229C585-E5BE-34D6-952E-111C9AEC523B}
	EndProjectSection
EndProject
Project("{8BC9CEB8-8B4A-11D0-8D11-00A0C91BC942}") = "tjbench", "tjbench.vcxproj", "{0D8BAD95-0887-3F1C-A026-826295338611}"
	ProjectSection(ProjectDependencies) = postProject
		{7229C585-E5BE-34D6-952E-111C9AEC523B} = {7229C585-E5BE-34D6-952E-111C9AEC523B}
		{DD428DD9-217B-3307-BB33-9F4EF70CE6C4} = {DD428DD9-217B-3307-BB33-9F4EF70CE6C4}
		{7EF00A98-5717-3762-9CD5-7D2B82DEEDE0} = {7EF00A98-5717-3762-9CD5-7D2B82DEEDE0}
	EndProjectSection
EndProject
Project("{8BC9CEB8-8B4A-11D0-8D11-00A0C91BC942}") = "tjbench-static", "tjbench-static.vcxproj", "{4EC4E8EB-7C69-3261-B278-C8ABA3068576}"
	ProjectSection(ProjectDependencies) = postProject
		{7229C585-E5BE-34D6-952E-111C9AEC523B} = {7229C585-E5BE-34D6-952E-111C9AEC523B}
		{DD428DD9-217B-3307-BB33-9F4EF70CE6C4} = {DD428DD9-217B-3307-BB33-9F4EF70CE6C4}
		{164B4F60-A5DC-3147-9C25-39B7AC037E3C} = {164B4F60-A5DC-3147-9C25-39B7AC037E3C}
	EndProjectSection
EndProject
Project("{8BC9CEB8-8B4A-11D0-8D11-00A0C91BC942}") = "tjunittest", "tjunittest.vcxproj", "{33F49B27-5753-3ED8-91CB-DAFD9B670849}"
	ProjectSection(ProjectDependencies) = postProject
		{7229C585-E5BE-34D6-952E-111C9AEC523B} = {7229C585-E5BE-34D6-952E-111C9AEC523B}
		{7EF00A98-5717-3762-9CD5-7D2B82DEEDE0} = {7EF00A98-5717-3762-9CD5-7D2B82DEEDE0}
	EndProjectSection
EndProject
Project("{8BC9CEB8-8B4A-11D0-8D11-00A0C91BC942}") = "tjunittest-static", "tjunittest-static.vcxproj", "{B300FAEB-183B-3732-9EA2-CC4BF71F2118}"
	ProjectSection(ProjectDependencies) = postProject
		{7229C585-E5BE-34D6-952E-111C9AEC523B} = {7229C585-E5BE-34D6-952E-111C9AEC523B}
		{164B4F60-A5DC-3147-9C25-39B7AC037E3C} = {164B4F60-A5DC-3147-9C25-39B7AC037E3C}
	EndProjectSection
EndProject
Project("{8BC9CEB8-8B4A-11D0-8D11-00A0C91BC942}") = "turbojpeg", "turbojpeg.vcxproj", "{7EF00A98-5717-3762-9CD5-7D2B82DEEDE0}"
	ProjectSection(ProjectDependencies) = postProject
		{7229C585-E5BE-34D6-952E-111C9AEC523B} = {7229C585-E5BE-34D6-952E-111C9AEC523B}
		{DD428DD9-217B-3307-BB33-9F4EF70CE6C4} = {DD428DD9-217B-3307-BB33-9F4EF70CE6C4}
	EndProjectSection
EndProject
Project("{8BC9CEB8-8B4A-11D0-8D11-00A0C91BC942}") = "turbojpeg-static", "turbojpeg-static.vcxproj", "{164B4F60-A5DC-3147-9C25-39B7AC037E3C}"
	ProjectSection(ProjectDependencies) = postProject
		{7229C585-E5BE-34D6-952E-111C9AEC523B} = {7229C585-E5BE-34D6-952E-111C9AEC523B}
		{CFDCC22C-3B14-389C-8764-432C02AC24E7} = {CFDCC22C-3B14-389C-8764-432C02AC24E7}
	EndProjectSection
EndProject
Project("{8BC9CEB8-8B4A-11D0-8D11-00A0C91BC942}") = "uninstall", "uninstall.vcxproj", "{6AD69457-FB1F-3B66-9936-2D9989B60FAB}"
	ProjectSection(ProjectDependencies) = postProject
		{7229C585-E5BE-34D6-952E-111C9AEC523B} = {7229C585-E5BE-34D6-952E-111C9AEC523B}
	EndProjectSection
EndProject
Project("{8BC9CEB8-8B4A-11D0-8D11-00A0C91BC942}") = "wrjpgcom", "wrjpgcom.vcxproj", "{244C05B5-B103-3E9F-970D-98547DA2211A}"
	ProjectSection(ProjectDependencies) = postProject
		{7229C585-E5BE-34D6-952E-111C9AEC523B} = {7229C585-E5BE-34D6-952E-111C9AEC523B}
	EndProjectSection
EndProject
Global
	GlobalSection(SolutionConfigurationPlatforms) = preSolution
		Debug|x64 = Debug|x64
		Release|x64 = Release|x64
		MinSizeRel|x64 = MinSizeRel|x64
		RelWithDebInfo|x64 = RelWithDebInfo|x64
	EndGlobalSection
	GlobalSection(ProjectConfigurationPlatforms) = postSolution
		{791D87DF-EB0D-3C5E-9016-32BEBED6DF10}.Debug|x64.ActiveCfg = Debug|x64
		{791D87DF-EB0D-3C5E-9016-32BEBED6DF10}.Debug|x64.Build.0 = Debug|x64
		{791D87DF-EB0D-3C5E-9016-32BEBED6DF10}.Release|x64.ActiveCfg = Release|x64
		{791D87DF-EB0D-3C5E-9016-32BEBED6DF10}.Release|x64.Build.0 = Release|x64
		{791D87DF-EB0D-3C5E-9016-32BEBED6DF10}.MinSizeRel|x64.ActiveCfg = MinSizeRel|x64
		{791D87DF-EB0D-3C5E-9016-32BEBED6DF10}.MinSizeRel|x64.Build.0 = MinSizeRel|x64
		{791D87DF-EB0D-3C5E-9016-32BEBED6DF10}.RelWithDebInfo|x64.ActiveCfg = RelWithDebInfo|x64
		{791D87DF-EB0D-3C5E-9016-32BEBED6DF10}.RelWithDebInfo|x64.Build.0 = RelWithDebInfo|x64
		{83CD25DF-53E7-3339-9E26-E5CD6E1F0ADF}.Debug|x64.ActiveCfg = Debug|x64
		{83CD25DF-53E7-3339-9E26-E5CD6E1F0ADF}.Release|x64.ActiveCfg = Release|x64
		{83CD25DF-53E7-3339-9E26-E5CD6E1F0ADF}.MinSizeRel|x64.ActiveCfg = MinSizeRel|x64
		{83CD25DF-53E7-3339-9E26-E5CD6E1F0ADF}.RelWithDebInfo|x64.ActiveCfg = RelWithDebInfo|x64
		{0DE9D6CA-A90B-3142-BCA8-C07C67865F8E}.Debug|x64.ActiveCfg = Debug|x64
		{0DE9D6CA-A90B-3142-BCA8-C07C67865F8E}.Release|x64.ActiveCfg = Release|x64
		{0DE9D6CA-A90B-3142-BCA8-C07C67865F8E}.MinSizeRel|x64.ActiveCfg = MinSizeRel|x64
		{0DE9D6CA-A90B-3142-BCA8-C07C67865F8E}.RelWithDebInfo|x64.ActiveCfg = RelWithDebInfo|x64
		{7229C585-E5BE-34D6-952E-111C9AEC523B}.Debug|x64.ActiveCfg = Debug|x64
		{7229C585-E5BE-34D6-952E-111C9AEC523B}.Debug|x64.Build.0 = Debug|x64
		{7229C585-E5BE-34D6-952E-111C9AEC523B}.Release|x64.ActiveCfg = Release|x64
		{7229C585-E5BE-34D6-952E-111C9AEC523B}.Release|x64.Build.0 = Release|x64
		{7229C585-E5BE-34D6-952E-111C9AEC523B}.MinSizeRel|x64.ActiveCfg = MinSizeRel|x64
		{7229C585-E5BE-34D6-952E-111C9AEC523B}.MinSizeRel|x64.Build.0 = MinSizeRel|x64
		{7229C585-E5BE-34D6-952E-111C9AEC523B}.RelWithDebInfo|x64.ActiveCfg = RelWithDebInfo|x64
		{7229C585-E5BE-34D6-952E-111C9AEC523B}.RelWithDebInfo|x64.Build.0 = RelWithDebInfo|x64
		{0A671FE9-56A2-3914-9D2F-1229A4E429B2}.Debug|x64.ActiveCfg = Debug|x64
		{0A671FE9-56A2-3914-9D2F-1229A4E429B2}.Debug|x64.Build.0 = Debug|x64
		{0A671FE9-56A2-3914-9D2F-1229A4E429B2}.Release|x64.ActiveCfg = Release|x64
		{0A671FE9-56A2-3914-9D2F-1229A4E429B2}.Release|x64.Build.0 = Release|x64
		{0A671FE9-56A2-3914-9D2F-1229A4E429B2}.MinSizeRel|x64.ActiveCfg = MinSizeRel|x64
		{0A671FE9-56A2-3914-9D2F-1229A4E429B2}.MinSizeRel|x64.Build.0 = MinSizeRel|x64
		{0A671FE9-56A2-3914-9D2F-1229A4E429B2}.RelWithDebInfo|x64.ActiveCfg = RelWithDebInfo|x64
		{0A671FE9-56A2-3914-9D2F-1229A4E429B2}.RelWithDebInfo|x64.Build.0 = RelWithDebInfo|x64
		{703B014B-B36B-3686-BC71-82C6B12DD35B}.Debug|x64.ActiveCfg = Debug|x64
		{703B014B-B36B-3686-BC71-82C6B12DD35B}.Debug|x64.Build.0 = Debug|x64
		{703B014B-B36B-3686-BC71-82C6B12DD35B}.Release|x64.ActiveCfg = Release|x64
		{703B014B-B36B-3686-BC71-82C6B12DD35B}.Release|x64.Build.0 = Release|x64
		{703B014B-B36B-3686-BC71-82C6B12DD35B}.MinSizeRel|x64.ActiveCfg = MinSizeRel|x64
		{703B014B-B36B-3686-BC71-82C6B12DD35B}.MinSizeRel|x64.Build.0 = MinSizeRel|x64
		{703B014B-B36B-3686-BC71-82C6B12DD35B}.RelWithDebInfo|x64.ActiveCfg = RelWithDebInfo|x64
		{703B014B-B36B-3686-BC71-82C6B12DD35B}.RelWithDebInfo|x64.Build.0 = RelWithDebInfo|x64
		{9EB76A71-A202-3746-BCBF-55EC3E481B19}.Debug|x64.ActiveCfg = Debug|x64
		{9EB76A71-A202-3746-BCBF-55EC3E481B19}.Debug|x64.Build.0 = Debug|x64
		{9EB76A71-A202-3746-BCBF-55EC3E481B19}.Release|x64.ActiveCfg = Release|x64
		{9EB76A71-A202-3746-BCBF-55EC3E481B19}.Release|x64.Build.0 = Release|x64
		{9EB76A71-A202-3746-BCBF-55EC3E481B19}.MinSizeRel|x64.ActiveCfg = MinSizeRel|x64
		{9EB76A71-A202-3746-BCBF-55EC3E481B19}.MinSizeRel|x64.Build.0 = MinSizeRel|x64
		{9EB76A71-A202-3746-BCBF-55EC3E481B19}.RelWithDebInfo|x64.ActiveCfg = RelWithDebInfo|x64
		{9EB76A71-A202-3746-BCBF-55EC3E481B19}.RelWithDebInfo|x64.Build.0 = RelWithDebInfo|x64
		{92E7D763-AAF7-32B6-A495-5ADC3043716F}.Debug|x64.ActiveCfg = Debug|x64
		{92E7D763-AAF7-32B6-A495-5ADC3043716F}.Debug|x64.Build.0 = Debug|x64
		{92E7D763-AAF7-32B6-A495-5ADC3043716F}.Release|x64.ActiveCfg = Release|x64
		{92E7D763-AAF7-32B6-A495-5ADC3043716F}.Release|x64.Build.0 = Release|x64
		{92E7D763-AAF7-32B6-A495-5ADC3043716F}.MinSizeRel|x64.ActiveCfg = MinSizeRel|x64
		{92E7D763-AAF7-32B6-A495-5ADC3043716F}.MinSizeRel|x64.Build.0 = MinSizeRel|x64
		{92E7D763-AAF7-32B6-A495-5ADC3043716F}.RelWithDebInfo|x64.ActiveCfg = RelWithDebInfo|x64
		{92E7D763-AAF7-32B6-A495-5ADC3043716F}.RelWithDebInfo|x64.Build.0 = RelWithDebInfo|x64
		{0692A267-B963-3194-867F-635D30AC1616}.Debug|x64.ActiveCfg = Debug|x64
		{0692A267-B963-3194-867F-635D30AC1616}.Release|x64.ActiveCfg = Release|x64
		{0692A267-B963-3194-867F-635D30AC1616}.MinSizeRel|x64.ActiveCfg = MinSizeRel|x64
		{0692A267-B963-3194-867F-635D30AC1616}.RelWithDebInfo|x64.ActiveCfg = RelWithDebInfo|x64
		{1190B17F-C438-30A2-A9B6-9226DD49E520}.Debug|x64.ActiveCfg = Debug|x64
		{1190B17F-C438-30A2-A9B6-9226DD49E520}.Debug|x64.Build.0 = Debug|x64
		{1190B17F-C438-30A2-A9B6-9226DD49E520}.Release|x64.ActiveCfg = Release|x64
		{1190B17F-C438-30A2-A9B6-9226DD49E520}.Release|x64.Build.0 = Release|x64
		{1190B17F-C438-30A2-A9B6-9226DD49E520}.MinSizeRel|x64.ActiveCfg = MinSizeRel|x64
		{1190B17F-C438-30A2-A9B6-9226DD49E520}.MinSizeRel|x64.Build.0 = MinSizeRel|x64
		{1190B17F-C438-30A2-A9B6-9226DD49E520}.RelWithDebInfo|x64.ActiveCfg = RelWithDebInfo|x64
		{1190B17F-C438-30A2-A9B6-9226DD49E520}.RelWithDebInfo|x64.Build.0 = RelWithDebInfo|x64
		{97FE9D3D-85AF-306A-A2A7-D243A2DD798D}.Debug|x64.ActiveCfg = Debug|x64
		{97FE9D3D-85AF-306A-A2A7-D243A2DD798D}.Debug|x64.Build.0 = Debug|x64
		{97FE9D3D-85AF-306A-A2A7-D243A2DD798D}.Release|x64.ActiveCfg = Release|x64
		{97FE9D3D-85AF-306A-A2A7-D243A2DD798D}.Release|x64.Build.0 = Release|x64
		{97FE9D3D-85AF-306A-A2A7-D243A2DD798D}.MinSizeRel|x64.ActiveCfg = MinSizeRel|x64
		{97FE9D3D-85AF-306A-A2A7-D243A2DD798D}.MinSizeRel|x64.Build.0 = MinSizeRel|x64
		{97FE9D3D-85AF-306A-A2A7-D243A2DD798D}.RelWithDebInfo|x64.ActiveCfg = RelWithDebInfo|x64
		{97FE9D3D-85AF-306A-A2A7-D243A2DD798D}.RelWithDebInfo|x64.Build.0 = RelWithDebInfo|x64
		{DD428DD9-217B-3307-BB33-9F4EF70CE6C4}.Debug|x64.ActiveCfg = Debug|x64
		{DD428DD9-217B-3307-BB33-9F4EF70CE6C4}.Debug|x64.Build.0 = Debug|x64
		{DD428DD9-217B-3307-BB33-9F4EF70CE6C4}.Release|x64.ActiveCfg = Release|x64
		{DD428DD9-217B-3307-BB33-9F4EF70CE6C4}.Release|x64.Build.0 = Release|x64
		{DD428DD9-217B-3307-BB33-9F4EF70CE6C4}.MinSizeRel|x64.ActiveCfg = MinSizeRel|x64
		{DD428DD9-217B-3307-BB33-9F4EF70CE6C4}.MinSizeRel|x64.Build.0 = MinSizeRel|x64
		{DD428DD9-217B-3307-BB33-9F4EF70CE6C4}.RelWithDebInfo|x64.ActiveCfg = RelWithDebInfo|x64
		{DD428DD9-217B-3307-BB33-9F4EF70CE6C4}.RelWithDebInfo|x64.Build.0 = RelWithDebInfo|x64
		{44A1977F-BD6F-30E6-A547-125687313D3B}.Debug|x64.ActiveCfg = Debug|x64
		{44A1977F-BD6F-30E6-A547-125687313D3B}.Debug|x64.Build.0 = Debug|x64
		{44A1977F-BD6F-30E6-A547-125687313D3B}.Release|x64.ActiveCfg = Release|x64
		{44A1977F-BD6F-30E6-A547-125687313D3B}.Release|x64.Build.0 = Release|x64
		{44A1977F-BD6F-30E6-A547-125687313D3B}.MinSizeRel|x64.ActiveCfg = MinSizeRel|x64
		{44A1977F-BD6F-30E6-A547-125687313D3B}.MinSizeRel|x64.Build.0 = MinSizeRel|x64
		{44A1977F-BD6F-30E6-A547-125687313D3B}.RelWithDebInfo|x64.ActiveCfg = RelWithDebInfo|x64
		{44A1977F-BD6F-30E6-A547-125687313D3B}.RelWithDebInfo|x64.Build.0 = RelWithDebInfo|x64
		{35418197-C6B4-3D95-B12B-CB5B3E7DDA46}.Debug|x64.ActiveCfg = Debug|x64
		{35418197-C6B4-3D95-B12B-CB5B3E7DDA46}.Debug|x64.Build.0 = Debug|x64
		{35418197-C6B4-3D95-B12B-CB5B3E7DDA46}.Release|x64.ActiveCfg = Release|x64
		{35418197-C6B4-3D95-B12B-CB5B3E7DDA46}.Release|x64.Build.0 = Release|x64
		{35418197-C6B4-3D95-B12B-CB5B3E7DDA46}.MinSizeRel|x64.ActiveCfg = MinSizeRel|x64
		{35418197-C6B4-3D95-B12B-CB5B3E7DDA46}.MinSizeRel|x64.Build.0 = MinSizeRel|x64
		{35418197-C6B4-3D95-B12B-CB5B3E7DDA46}.RelWithDebInfo|x64.ActiveCfg = RelWithDebInfo|x64
		{35418197-C6B4-3D95-B12B-CB5B3E7DDA46}.RelWithDebInfo|x64.Build.0 = RelWithDebInfo|x64
		{E516568F-D793-3D88-A558-039EF2D915B2}.Debug|x64.ActiveCfg = Debug|x64
		{E516568F-D793-3D88-A558-039EF2D915B2}.Debug|x64.Build.0 = Debug|x64
		{E516568F-D793-3D88-A558-039EF2D915B2}.Release|x64.ActiveCfg = Release|x64
		{E516568F-D793-3D88-A558-039EF2D915B2}.Release|x64.Build.0 = Release|x64
		{E516568F-D793-3D88-A558-039EF2D915B2}.MinSizeRel|x64.ActiveCfg = MinSizeRel|x64
		{E516568F-D793-3D88-A558-039EF2D915B2}.MinSizeRel|x64.Build.0 = MinSizeRel|x64
		{E516568F-D793-3D88-A558-039EF2D915B2}.RelWithDebInfo|x64.ActiveCfg = RelWithDebInfo|x64
		{E516568F-D793-3D88-A558-039EF2D915B2}.RelWithDebInfo|x64.Build.0 = RelWithDebInfo|x64
		{11A1A3EA-4B87-3924-9060-B186961E1FB1}.Debug|x64.ActiveCfg = Debug|x64
		{11A1A3EA-4B87-3924-9060-B186961E1FB1}.Debug|x64.Build.0 = Debug|x64
		{11A1A3EA-4B87-3924-9060-B186961E1FB1}.Release|x64.ActiveCfg = Release|x64
		{11A1A3EA-4B87-3924-9060-B186961E1FB1}.Release|x64.Build.0 = Release|x64
		{11A1A3EA-4B87-3924-9060-B186961E1FB1}.MinSizeRel|x64.ActiveCfg = MinSizeRel|x64
		{11A1A3EA-4B87-3924-9060-B186961E1FB1}.MinSizeRel|x64.Build.0 = MinSizeRel|x64
		{11A1A3EA-4B87-3924-9060-B186961E1FB1}.RelWithDebInfo|x64.ActiveCfg = RelWithDebInfo|x64
		{11A1A3EA-4B87-3924-9060-B186961E1FB1}.RelWithDebInfo|x64.Build.0 = RelWithDebInfo|x64
		{CFDCC22C-3B14-389C-8764-432C02AC24E7}.Debug|x64.ActiveCfg = Debug|x64
		{CFDCC22C-3B14-389C-8764-432C02AC24E7}.Debug|x64.Build.0 = Debug|x64
		{CFDCC22C-3B14-389C-8764-432C02AC24E7}.Release|x64.ActiveCfg = Release|x64
		{CFDCC22C-3B14-389C-8764-432C02AC24E7}.Release|x64.Build.0 = Release|x64
		{CFDCC22C-3B14-389C-8764-432C02AC24E7}.MinSizeRel|x64.ActiveCfg = MinSizeRel|x64
		{CFDCC22C-3B14-389C-8764-432C02AC24E7}.MinSizeRel|x64.Build.0 = MinSizeRel|x64
		{CFDCC22C-3B14-389C-8764-432C02AC24E7}.RelWithDebInfo|x64.ActiveCfg = RelWithDebInfo|x64
		{CFDCC22C-3B14-389C-8764-432C02AC24E7}.RelWithDebInfo|x64.Build.0 = RelWithDebInfo|x64
		{6829BC5B-BC9D-337D-9E5E-14640EBE4E7F}.Debug|x64.ActiveCfg = Debug|x64
		{6829BC5B-BC9D-337D-9E5E-14640EBE4E7F}.Release|x64.ActiveCfg = Release|x64
		{6829BC5B-BC9D-337D-9E5E-14640EBE4E7F}.MinSizeRel|x64.ActiveCfg = MinSizeRel|x64
		{6829BC5B-BC9D-337D-9E5E-14640EBE4E7F}.RelWithDebInfo|x64.ActiveCfg = RelWithDebInfo|x64
		{0D8BAD95-0887-3F1C-A026-826295338611}.Debug|x64.ActiveCfg = Debug|x64
		{0D8BAD95-0887-3F1C-A026-826295338611}.Debug|x64.Build.0 = Debug|x64
		{0D8BAD95-0887-3F1C-A026-826295338611}.Release|x64.ActiveCfg = Release|x64
		{0D8BAD95-0887-3F1C-A026-826295338611}.Release|x64.Build.0 = Release|x64
		{0D8BAD95-0887-3F1C-A026-826295338611}.MinSizeRel|x64.ActiveCfg = MinSizeRel|x64
		{0D8BAD95-0887-3F1C-A026-826295338611}.MinSizeRel|x64.Build.0 = MinSizeRel|x64
		{0D8BAD95-0887-3F1C-A026-826295338611}.RelWithDebInfo|x64.ActiveCfg = RelWithDebInfo|x64
		{0D8BAD95-0887-3F1C-A026-826295338611}.RelWithDebInfo|x64.Build.0 = RelWithDebInfo|x64
		{4EC4E8EB-7C69-3261-B278-C8ABA3068576}.Debug|x64.ActiveCfg = Debug|x64
		{4EC4E8EB-7C69-3261-B278-C8ABA3068576}.Debug|x64.Build.0 = Debug|x64
		{4EC4E8EB-7C69-3261-B278-C8ABA3068576}.Release|x64.ActiveCfg = Release|x64
		{4EC4E8EB-7C69-3261-B278-C8ABA3068576}.Release|x64.Build.0 = Release|x64
		{4EC4E8EB-7C69-3261-B278-C8ABA3068576}.MinSizeRel|x64.ActiveCfg = MinSizeRel|x64
		{4EC4E8EB-7C69-3261-B278-C8ABA3068576}.MinSizeRel|x64.Build.0 = MinSizeRel|x64
		{4EC4E8EB-7C69-3261-B278-C8ABA3068576}.RelWithDebInfo|x64.ActiveCfg = RelWithDebInfo|x64
		{4EC4E8EB-7C69-3261-B278-C8ABA3068576}.RelWithDebInfo|x64.Build.0 = RelWithDebInfo|x64
		{33F49B27-5753-3ED8-91CB-DAFD9B670849}.Debug|x64.ActiveCfg = Debug|x64
		{33F49B27-5753-3ED8-91CB-DAFD9B670849}.Debug|x64.Build.0 = Debug|x64
		{33F49B27-5753-3ED8-91CB-DAFD9B670849}.Release|x64.ActiveCfg = Release|x64
		{33F49B27-5753-3ED8-91CB-DAFD9B670849}.Release|x64.Build.0 = Release|x64
		{33F49B27-5753-3ED8-91CB-DAFD9B670849}.MinSizeRel|x64.ActiveCfg = MinSizeRel|x64
		{33F49B27-5753-3ED8-91CB-DAFD9B670849}.MinSizeRel|x64.Build.0 = MinSizeRel|x64
		{33F49B27-5753-3ED8-91CB-DAFD9B670849}.RelWithDebInfo|x64.ActiveCfg = RelWithDebInfo|x64
		{33F49B27-5753-3ED8-91CB-DAFD9B670849}.RelWithDebInfo|x64.Build.0 = RelWithDebInfo|x64
		{B300FAEB-183B-3732-9EA2-CC4BF71F2118}.Debug|x64.ActiveCfg = Debug|x64
		{B300FAEB-183B-3732-9EA2-CC4BF71F2118}.Debug|x64.Build.0 = Debug|x64
		{B300FAEB-183B-3732-9EA2-CC4BF71F2118}.Release|x64.ActiveCfg = Release|x64
		{B300FAEB-183B-3732-9EA2-CC4BF71F2118}.Release|x64.Build.0 = Release|x64
		{B300FAEB-183B-3732-9EA2-CC4BF71F2118}.MinSizeRel|x64.ActiveCfg = MinSizeRel|x64
		{B300FAEB-183B-3732-9EA2-CC4BF71F2118}.MinSizeRel|x64.Build.0 = MinSizeRel|x64
		{B300FAEB-183B-3732-9EA2-CC4BF71F2118}.RelWithDebInfo|x64.ActiveCfg = RelWithDebInfo|x64
		{B300FAEB-183B-3732-9EA2-CC4BF71F2118}.RelWithDebInfo|x64.Build.0 = RelWithDebInfo|x64
		{7EF00A98-5717-3762-9CD5-7D2B82DEEDE0}.Debug|x64.ActiveCfg = Debug|x64
		{7EF00A98-5717-3762-9CD5-7D2B82DEEDE0}.Debug|x64.Build.0 = Debug|x64
		{7EF00A98-5717-3762-9CD5-7D2B82DEEDE0}.Release|x64.ActiveCfg = Release|x64
		{7EF00A98-5717-3762-9CD5-7D2B82DEEDE0}.Release|x64.Build.0 = Release|x64
		{7EF00A98-5717-3762-9CD5-7D2B82DEEDE0}.MinSizeRel|x64.ActiveCfg = MinSizeRel|x64
		{7EF00A98-5717-3762-9CD5-7D2B82DEEDE0}.MinSizeRel|x64.Build.0 = MinSizeRel|x64
		{7EF00A98-5717-3762-9CD5-7D2B82DEEDE0}.RelWithDebInfo|x64.ActiveCfg = RelWithDebInfo|x64
		{7EF00A98-5717-3762-9CD5-7D2B82DEEDE0}.RelWithDebInfo|x64.Build.0 = RelWithDebInfo|x64
		{164B4F60-A5DC-3147-9C25-39B7AC037E3C}.Debug|x64.ActiveCfg = Debug|x64
		{164B4F60-A5DC-3147-9C25-39B7AC037E3C}.Debug|x64.Build.0 = Debug|x64
		{164B4F60-A5DC-3147-9C25-39B7AC037E3C}.Release|x64.ActiveCfg = Release|x64
		{164B4F60-A5DC-3147-9C25-39B7AC037E3C}.Release|x64.Build.0 = Release|x64
		{164B4F60-A5DC-3147-9C25-39B7AC037E3C}.MinSizeRel|x64.ActiveCfg = MinSizeRel|x64
		{164B4F60-A5DC-3147-9C25-39B7AC037E3C}.MinSizeRel|x64.Build.0 = MinSizeRel|x64
		{164B4F60-A5DC-3147-9C25-39B7AC037E3C}.RelWithDebInfo|x64.ActiveCfg = RelWithDebInfo|x64
		{164B4F60-A5DC-3147-9C25-39B7AC037E3C}.RelWithDebInfo|x64.Build.0 = RelWithDebInfo|x64
		{6AD69457-FB1F-3B66-9936-2D9989B60FAB}.Debug|x64.ActiveCfg = Debug|x64
		{6AD69457-FB1F-3B66-9936-2D9989B60FAB}.Release|x64.ActiveCfg = Release|x64
		{6AD69457-FB1F-3B66-9936-2D9989B60FAB}.MinSizeRel|x64.ActiveCfg = MinSizeRel|x64
		{6AD69457-FB1F-3B66-9936-2D9989B60FAB}.RelWithDebInfo|x64.ActiveCfg = RelWithDebInfo|x64
		{244C05B5-B103-3E9F-970D-98547DA2211A}.Debug|x64.ActiveCfg = Debug|x64
		{244C05B5-B103-3E9F-970D-98547DA2211A}.Debug|x64.Build.0 = Debug|x64
		{244C05B5-B103-3E9F-970D-98547DA2211A}.Release|x64.ActiveCfg = Release|x64
		{244C05B5-B103-3E9F-970D-98547DA2211A}.Release|x64.Build.0 = Release|x64
		{244C05B5-B103-3E9F-970D-98547DA2211A}.MinSizeRel|x64.ActiveCfg = MinSizeRel|x64
		{244C05B5-B103-3E9F-970D-98547DA2211A}.MinSizeRel|x64.Build.0 = MinSizeRel|x64
		{244C05B5-B103-3E9F-970D-98547DA2211A}.RelWithDebInfo|x64.ActiveCfg = RelWithDebInfo|x64
		{244C05B5-B103-3E9F-970D-98547DA2211A}.RelWithDebInfo|x64.Build.0 = RelWithDebInfo|x64
	EndGlobalSection
	GlobalSection(ExtensibilityGlobals) = postSolution
	EndGlobalSection
	GlobalSection(ExtensibilityAddIns) = postSolution
	EndGlobalSection
EndGlobal
